// !$*UTF8*$!
{
	archiveVersion = 1;
	classes = {
	};
	objectVersion = 77;
	objects = {

/* Begin PBXBuildFile section */
		00F86A1EDF7BE61EDC279626 /* RecipeEditorStepsEditor.swift in Sources */ = {isa = PBXBuildFile; fileRef = BD11DDCDD443B48083C9960E /* RecipeEditorStepsEditor.swift */; };
		053F4E60D3120A763E341304 /* InvitationSheet.swift in Sources */ = {isa = PBXBuildFile; fileRef = ABA391135FC54F682B62E86F /* InvitationSheet.swift */; };
		097FB013DA02BB597480D9C3 /* AIFloatingButton.swift in Sources */ = {isa = PBXBuildFile; fileRef = 01C35592BA165B9889094B32 /* AIFloatingButton.swift */; };
		0AE26B4ED00BCB6B935E0161 /* InSeasonStrip.swift in Sources */ = {isa = PBXBuildFile; fileRef = 0A70D406D118627C375D6B64 /* InSeasonStrip.swift */; };
		0C0DEE9132C86897847F7FFE /* WeekView.swift in Sources */ = {isa = PBXBuildFile; fileRef = 41C73D583ED87BFE61E47C9D /* WeekView.swift */; };
		0CB8866878DFDABDE9F4846F /* SMCard.swift in Sources */ = {isa = PBXBuildFile; fileRef = 7F6AC90F65369FDFDE3B64F6 /* SMCard.swift */; };
		0D17009AD5B6DBF392246D57 /* TodayMealCard.swift in Sources */ = {isa = PBXBuildFile; fileRef = F7AB5C4A651E47C2ED148EC4 /* TodayMealCard.swift */; };
		0DA9EFF5EBDAE3B665FB010B /* DayKey.swift in Sources */ = {isa = PBXBuildFile; fileRef = 6ECB22E673210C0A5DD08ADF /* DayKey.swift */; };
		0E81A9AC529997B1C13A07D9 /* LocalNotificationService.swift in Sources */ = {isa = PBXBuildFile; fileRef = 35EEF81A482382B24772C218 /* LocalNotificationService.swift */; };
		0FF942A918598DDFAE82210E /* RecipeEditorView.swift in Sources */ = {isa = PBXBuildFile; fileRef = 62FF2F7396D8473E70FD3C30 /* RecipeEditorView.swift */; };
		101DDAF6BD607A2286C9E460 /* DayNutritionSheet.swift in Sources */ = {isa = PBXBuildFile; fileRef = 90A0C4DDF646587A7D3FC139 /* DayNutritionSheet.swift */; };
		1828EE7FD2AF2C30CA2F54AF /* RecipeEditorNutritionEditor.swift in Sources */ = {isa = PBXBuildFile; fileRef = 61AD0A0E7CB70BAD5844AE9C /* RecipeEditorNutritionEditor.swift */; };
		277A0DE36D3096B7BB76ED9E /* SimmerSmithKit in Frameworks */ = {isa = PBXBuildFile; productRef = 5EA42101A03628D82ADE249C /* SimmerSmithKit */; };
		27B4ED92E78187ECF71E4FBA /* BaseIngredientMergeSheet.swift in Sources */ = {isa = PBXBuildFile; fileRef = 8C306CEEE372F046211BB6A2 /* BaseIngredientMergeSheet.swift */; };
		27EBF0EFE7D5CD79CA9B557D /* SimmerSmithTests.swift in Sources */ = {isa = PBXBuildFile; fileRef = 8E9FBFCFE9C5299D36712B26 /* SimmerSmithTests.swift */; };
		29A9AC1DE5234183061C4F90 /* AIAssistantOverlay.swift in Sources */ = {isa = PBXBuildFile; fileRef = 2C1D5C19615FDB1970BD83E5 /* AIAssistantOverlay.swift */; };
		2CCF1384167B1CB2D5AF3A82 /* DayCard.swift in Sources */ = {isa = PBXBuildFile; fileRef = 7AF03C5E2665BCEA0F29367E /* DayCard.swift */; };
		2DA9EBFE63A7FC470500DAE7 /* AIAssistantSheetView.swift in Sources */ = {isa = PBXBuildFile; fileRef = 66465170F1619913CD28CBBB /* AIAssistantSheetView.swift */; };
		2E6732493EA6B5FC41E47431 /* RecipeDetailView.swift in Sources */ = {isa = PBXBuildFile; fileRef = 708008F3105E37EDF228F3B1 /* RecipeDetailView.swift */; };
		3098BEF548FEFA2F08C93899 /* IngredientVariationManagementSection.swift in Sources */ = {isa = PBXBuildFile; fileRef = 751E17ED832EC47C3BFD37E9 /* IngredientVariationManagementSection.swift */; };
		30DBAAAB74B4D75C4D147B1E /* VoiceCommandService.swift in Sources */ = {isa = PBXBuildFile; fileRef = 52086E84A5714DECD4E1229F /* VoiceCommandService.swift */; };
		33B2B158AE35CE5A95414D5D /* GroceryTabView.swift in Sources */ = {isa = PBXBuildFile; fileRef = D259DF81D5A9A31461E55E26 /* GroceryTabView.swift */; };
		3493179252A664BAA6BB3704 /* RecipeHeaderImage.swift in Sources */ = {isa = PBXBuildFile; fileRef = 8C8E0D9915D41D95540C426F /* RecipeHeaderImage.swift */; };
		364F923A2908430AB4FB39D5 /* RootView.swift in Sources */ = {isa = PBXBuildFile; fileRef = FF982BE7185D4506E4BAC7C6 /* RootView.swift */; };
		3721F18796F64DD08B559E6C /* OnboardingInterviewView.swift in Sources */ = {isa = PBXBuildFile; fileRef = 5CB95AB2A0E397EA4483A89C /* OnboardingInterviewView.swift */; };
		3B27C1AB3BF4F270416007B8 /* SimmerSmithUITests.swift in Sources */ = {isa = PBXBuildFile; fileRef = 9F87E3578EB62B233EF73EE4 /* SimmerSmithUITests.swift */; };
		40CE736BBE79D9B2FE247E8D /* ConnectionSetupView.swift in Sources */ = {isa = PBXBuildFile; fileRef = DD0572939C9829F3E57166EB /* ConnectionSetupView.swift */; };
		43A86380F4CD1FFCA5859FFD /* CuisinePill.swift in Sources */ = {isa = PBXBuildFile; fileRef = F796BB3E64B0CEC4AB2B6FF0 /* CuisinePill.swift */; };
		43FBCCC67631F279A80CD663 /* StoreSelectionView.swift in Sources */ = {isa = PBXBuildFile; fileRef = 726F9734B5CD3D5C57AEE89F /* StoreSelectionView.swift */; };
		446A8B1231ACE6510EE1259D /* RecipeSupport.swift in Sources */ = {isa = PBXBuildFile; fileRef = A7308F46C3B2670F4FB20AAD /* RecipeSupport.swift */; };
		44A436E4F3FBF7F5C991C4BA /* AppState+AI.swift in Sources */ = {isa = PBXBuildFile; fileRef = 16263AD59B5D2F17D3561E4A /* AppState+AI.swift */; };
		44BF20D40E9FB64EDCB02E35 /* AppState+Ingredients.swift in Sources */ = {isa = PBXBuildFile; fileRef = 5DCB34ECB2740428AB771B5D /* AppState+Ingredients.swift */; };
		4A8C79F7471AAC3982276DF8 /* MealSidesSheet.swift in Sources */ = {isa = PBXBuildFile; fileRef = AB6E839108F9DCE492AA99BF /* MealSidesSheet.swift */; };
		4E6272EB11A80426C6884DCB /* CompactMealCard.swift in Sources */ = {isa = PBXBuildFile; fileRef = 1C86214020223D614C5A52CE /* CompactMealCard.swift */; };
		4E9D70ECD621F2F9FA5CDC5D /* EventCreateSheet.swift in Sources */ = {isa = PBXBuildFile; fileRef = 25FAFBA63965D3D1F74752EC /* EventCreateSheet.swift */; };
		522B9BEAE951752A879A8851 /* CookCheckView.swift in Sources */ = {isa = PBXBuildFile; fileRef = A33E0F18FC2CE75CD7A8B98A /* CookCheckView.swift */; };
		53333C9542C3853B332E9F9F /* AppState+Profile.swift in Sources */ = {isa = PBXBuildFile; fileRef = 26076A4E14EE7B4C7DC0B5AD /* AppState+Profile.swift */; };
		53D3903682897BECC71E2611 /* PushService.swift in Sources */ = {isa = PBXBuildFile; fileRef = 1D65D0437D1EB3F7E7704FFE /* PushService.swift */; };
		53F641933C8BF1D51A467113 /* RecipesView.swift in Sources */ = {isa = PBXBuildFile; fileRef = 5D6F1198488A7EEFE6A848A3 /* RecipesView.swift */; };
		5512B55E7B397524A4CE180D /* RecipeWeekAssignmentView.swift in Sources */ = {isa = PBXBuildFile; fileRef = 01E820174D5BF298C1541157 /* RecipeWeekAssignmentView.swift */; };
		5AB4A57D6DB7855A8D017676 /* EventEditSheet.swift in Sources */ = {isa = PBXBuildFile; fileRef = F222A33C201808AF925C11C1 /* EventEditSheet.swift */; };
		5B13B381E58F7AD741501E5E /* MainTabView.swift in Sources */ = {isa = PBXBuildFile; fileRef = 42FB8215B29EE1469EE3AA1E /* MainTabView.swift */; };
		5C9D8DBC955EE65549249FC8 /* AssistantToolCallCard.swift in Sources */ = {isa = PBXBuildFile; fileRef = 305DB39B05047967856041B5 /* AssistantToolCallCard.swift */; };
		60A7F273AE95AA7B028D49FF /* GroceryArchiveSheet.swift in Sources */ = {isa = PBXBuildFile; fileRef = 9198792752E0165F0CA595CE /* GroceryArchiveSheet.swift */; };
		60D02B3960EE9488001F3238 /* AppState+Recipes.swift in Sources */ = {isa = PBXBuildFile; fileRef = 614AF4945E1DC7871A7C607E /* AppState+Recipes.swift */; };
		692CAF7C13BE715CECD643FA /* IngredientScannerView.swift in Sources */ = {isa = PBXBuildFile; fileRef = 7D2B9F4297ED6946313633D8 /* IngredientScannerView.swift */; };
		6A33B301E1727D4D46AB6A25 /* AppState+Weeks.swift in Sources */ = {isa = PBXBuildFile; fileRef = 9AC343882E82E9D7CE676F34 /* AppState+Weeks.swift */; };
		6AEB5EF39BEA651E4F33E98B /* SettingsView.swift in Sources */ = {isa = PBXBuildFile; fileRef = 6A44D5BA4D069FF59E10CA75 /* SettingsView.swift */; };
		6DB2E8D0092EBB3D823FE5CE /* IngredientCatalogList.swift in Sources */ = {isa = PBXBuildFile; fileRef = 9C25C92649B5FBE3D037B95A /* IngredientCatalogList.swift */; };
		6DEB6FB3394993D202D2A101 /* RecipePairingsCard.swift in Sources */ = {isa = PBXBuildFile; fileRef = 0C7199A2250CBA7830AFF57E /* RecipePairingsCard.swift */; };
		6EDBEB2CECDA59F00D71E08F /* AppState+Grocery.swift in Sources */ = {isa = PBXBuildFile; fileRef = A99F4CCC2130F15AC404F605 /* AppState+Grocery.swift */; };
		7052A86ABF59B0DB2864DA42 /* FeedbackComposerView.swift in Sources */ = {isa = PBXBuildFile; fileRef = F0B28F292F8748D3882C5639 /* FeedbackComposerView.swift */; };
		72BD0CBA5C14220174E5ECA2 /* RecipeCard.swift in Sources */ = {isa = PBXBuildFile; fileRef = 16DDB372886E2372FDFD715E /* RecipeCard.swift */; };
		7807AC58D4B8D2C227EACAB3 /* AppState+Events.swift in Sources */ = {isa = PBXBuildFile; fileRef = 7387FA57FB78ACD7148F204D /* AppState+Events.swift */; };
		7869D10313DF18368775A1E6 /* HeroRecipeCard.swift in Sources */ = {isa = PBXBuildFile; fileRef = 943154DAFF1DC47F701B6AF6 /* HeroRecipeCard.swift */; };
		7A1708334327AE594FDE7313 /* BackgroundSyncService.swift in Sources */ = {isa = PBXBuildFile; fileRef = 081F1E56752E16CA715C1532 /* BackgroundSyncService.swift */; };
		7A8F5CACE073BD9FBB58D8E8 /* AIAssistantCoordinator.swift in Sources */ = {isa = PBXBuildFile; fileRef = D518A1171D63ABFD56E8F391 /* AIAssistantCoordinator.swift */; };
		7B103ED88BA0EDC2355992EF /* ActivityView.swift in Sources */ = {isa = PBXBuildFile; fileRef = 27B617C15FBB7189BE5086D0 /* ActivityView.swift */; };
		7DF18617E71614C94B47D16F /* EventMealEditorSheet.swift in Sources */ = {isa = PBXBuildFile; fileRef = 50B987531CD5D3613D68015F /* EventMealEditorSheet.swift */; };
		7E7C680A29F9FC54582B22D7 /* BrandToolbarBadge.swift in Sources */ = {isa = PBXBuildFile; fileRef = 110AEC64598ED262B55BD768 /* BrandToolbarBadge.swift */; };
		7F423A7D909E7340DE19C42C /* RecipeImageOverrideSheet.swift in Sources */ = {isa = PBXBuildFile; fileRef = F9B7C710B194A7A3BDF6D722 /* RecipeImageOverrideSheet.swift */; };
		822CEF7F346BD614AEB07A6F /* RecipeListRow.swift in Sources */ = {isa = PBXBuildFile; fileRef = B3AE2B7D371803789AF07846 /* RecipeListRow.swift */; };
		84CB1823F45C639649342CEA /* AppState+Assistant.swift in Sources */ = {isa = PBXBuildFile; fileRef = EA104ABEEC718C1755D05534 /* AppState+Assistant.swift */; };
		85083B241385537E729DD20E /* AppState+Household.swift in Sources */ = {isa = PBXBuildFile; fileRef = A80D37100BDECCA31338BFE8 /* AppState+Household.swift */; };
		87050B2E557B6BE57C6F599B /* AppState+Reminders.swift in Sources */ = {isa = PBXBuildFile; fileRef = C652054355BDBBF8BDE59B41 /* AppState+Reminders.swift */; };
		88F239CDAD71F97C9D630E3D /* RecipeWebSearchSheet.swift in Sources */ = {isa = PBXBuildFile; fileRef = 1E83DD73B6FB0A71D95C5302 /* RecipeWebSearchSheet.swift */; };
		8C5A3E64B3886FD23E783B87 /* CookingModeView.swift in Sources */ = {isa = PBXBuildFile; fileRef = D13A1E8751515FDFF85AC9B2 /* CookingModeView.swift */; };
		8DA0108F72F095B5F1DEE379 /* AppState+Subscription.swift in Sources */ = {isa = PBXBuildFile; fileRef = 8D7938EAEC1EF2C60BB8F146 /* AppState+Subscription.swift */; };
		8EEF1CCB637311D888CF62B3 /* GuestEditorSheet.swift in Sources */ = {isa = PBXBuildFile; fileRef = 5CBD6C6A76089A9D8F674887 /* GuestEditorSheet.swift */; };
		9029A70CD594DE5D545A3537 /* RecipeMemoriesSection.swift in Sources */ = {isa = PBXBuildFile; fileRef = 74BEFEA67BE67E9376250739 /* RecipeMemoriesSection.swift */; };
		923DCC4EB280B0A742A67720 /* AssistantView.swift in Sources */ = {isa = PBXBuildFile; fileRef = E77574E1813D8C368CBAFF27 /* AssistantView.swift */; };
		925114D0E678B77DE951E987 /* RecipeEditorIngredientResolution.swift in Sources */ = {isa = PBXBuildFile; fileRef = 14092FA88319FB68CC7C86E4 /* RecipeEditorIngredientResolution.swift */; };
		9726A5E160270D61C79C1AFF /* MealMoveSheet.swift in Sources */ = {isa = PBXBuildFile; fileRef = A6D99BDCE7DF25F031B23486 /* MealMoveSheet.swift */; };
		9A7934F2F992CC2878F8B317 /* AIRecipeCreateSheet.swift in Sources */ = {isa = PBXBuildFile; fileRef = 62F1F6BBBA32D70674A08939 /* AIRecipeCreateSheet.swift */; };
		9E3665F6FC31C34056805154 /* DietaryGoalView.swift in Sources */ = {isa = PBXBuildFile; fileRef = 826C2E87AD9AE2A06B5321AD /* DietaryGoalView.swift */; };
		9FEF5423BB6FCDEEAA8574C2 /* RecipeImportView.swift in Sources */ = {isa = PBXBuildFile; fileRef = DF2D8B527603D3217EFA2E1C /* RecipeImportView.swift */; };
		A4CE9152718188482D546934 /* RecipeWebImportView.swift in Sources */ = {isa = PBXBuildFile; fileRef = F80EE82F42F6428AF84B3E94 /* RecipeWebImportView.swift */; };
		A50492A8C75536C4828C7951 /* MealSlotRow.swift in Sources */ = {isa = PBXBuildFile; fileRef = 3679DF56BB2C65A8DA4541BD /* MealSlotRow.swift */; };
		A974A080D61B943871407169 /* GroceryItemEditSheet.swift in Sources */ = {isa = PBXBuildFile; fileRef = 23E7E670ABE57D04263684B7 /* GroceryItemEditSheet.swift */; };
		ACB12AD6000C6CDA19B0A15F /* EventDetailView.swift in Sources */ = {isa = PBXBuildFile; fileRef = 1A89423CDD042C3BCD0974BF /* EventDetailView.swift */; };
		AE5B74BC31A774D6CA6D6658 /* IngredientLinkPickerSheet.swift in Sources */ = {isa = PBXBuildFile; fileRef = B11211BF532BA99470BA0A30 /* IngredientLinkPickerSheet.swift */; };
		B04E2D4442A2F39C64D588A8 /* EventsView.swift in Sources */ = {isa = PBXBuildFile; fileRef = 6127E6D290A5B49CE1F51554 /* EventsView.swift */; };
		B11F36C1CC7CE592858BA603 /* MacroRing.swift in Sources */ = {isa = PBXBuildFile; fileRef = 61DF4C402A2B4FBFF4C1D3D4 /* MacroRing.swift */; };
		B3A1BE0F8986881FCB386F8F /* GoogleSignIn in Frameworks */ = {isa = PBXBuildFile; productRef = 28E9DCD23C40DC71DEC2C6B6 /* GoogleSignIn */; };
		B5B6BEA61114BB6ADD99905E /* SimmerSmithApp.swift in Sources */ = {isa = PBXBuildFile; fileRef = A67E1D4E6F838082C4E8DDAF /* SimmerSmithApp.swift */; };
		B71E3F8955708627C3102E72 /* GroceryView.swift in Sources */ = {isa = PBXBuildFile; fileRef = C97F2A8FAD850D02995516AE /* GroceryView.swift */; };
		B8EB31CE2056E70EA6A9EAF3 /* CompactRecipeCard.swift in Sources */ = {isa = PBXBuildFile; fileRef = B7332396128AF5CD988A1821 /* CompactRecipeCard.swift */; };
		BAE7EEBED1663B060E79F9AF /* IngredientsView.swift in Sources */ = {isa = PBXBuildFile; fileRef = 49A10F1ED3FB047CF6466481 /* IngredientsView.swift */; };
		BC9D16F26416CFC6C3192713 /* MemoryPhotoView.swift in Sources */ = {isa = PBXBuildFile; fileRef = A71822917FBDBA318104CE69 /* MemoryPhotoView.swift */; };
		BCD74EBF2BA0316C5394D03D /* TimeBadge.swift in Sources */ = {isa = PBXBuildFile; fileRef = 10345947B6DFB4A0CF0527E0 /* TimeBadge.swift */; };
		C68EBAAC1A18E1E274BD09B3 /* AppState.swift in Sources */ = {isa = PBXBuildFile; fileRef = D6ED1C25DB773F9DBF319A2F /* AppState.swift */; };
		C7B1ED4CA5FD1D8EE5EC238F /* WrappingHStack.swift in Sources */ = {isa = PBXBuildFile; fileRef = 4F6BEBB4D9B06B80665D9652 /* WrappingHStack.swift */; };
		C9EA34D9C2ECB8D439EE011C /* GroceryReminderMapping.swift in Sources */ = {isa = PBXBuildFile; fileRef = 948ABB7833B8C8B3E7ACAC20 /* GroceryReminderMapping.swift */; };
		CB15A6E13F707BD7201DB2B5 /* SimmerSmithAppDelegate.swift in Sources */ = {isa = PBXBuildFile; fileRef = 3537D9BBBEB3EF263877815A /* SimmerSmithAppDelegate.swift */; };
		CE023FB5F5FA60C88D456E04 /* AppState+Aliases.swift in Sources */ = {isa = PBXBuildFile; fileRef = 4A37211FCE416E9BD3B7C4F2 /* AppState+Aliases.swift */; };
		CFE7B0CFDDC854D99448FF99 /* PhotoCompression.swift in Sources */ = {isa = PBXBuildFile; fileRef = FAE77361E7724F4B7835C0AE /* PhotoCompression.swift */; };
		D12795B0EA94A8B2B7D60BC5 /* AppState+Seasonal.swift in Sources */ = {isa = PBXBuildFile; fileRef = 7F1963D01B2C80B6EE4AAE5F /* AppState+Seasonal.swift */; };
		D16E49B2302C027341160A24 /* CookingTimerChip.swift in Sources */ = {isa = PBXBuildFile; fileRef = D0EDBF32F733FB6791D90373 /* CookingTimerChip.swift */; };
		D55FE20E6A5756B8301F2270 /* HouseholdAliasesView.swift in Sources */ = {isa = PBXBuildFile; fileRef = BC21B409CD23A4D526A595F7 /* HouseholdAliasesView.swift */; };
		D5F78BDD8F28302565886C23 /* BarcodeScannerView.swift in Sources */ = {isa = PBXBuildFile; fileRef = B1FAC97E2295A441869E9EC8 /* BarcodeScannerView.swift */; };
		D6D665599BB2121248AC3271 /* SignInView.swift in Sources */ = {isa = PBXBuildFile; fileRef = 6DF738967CD3644971E26635 /* SignInView.swift */; };
		D6F565FBCB27395CEBE63D72 /* RemindersService.swift in Sources */ = {isa = PBXBuildFile; fileRef = 4DD4B0B2B48797EDA3DA4907 /* RemindersService.swift */; };
		DDB8C4DD897500DB62356859 /* AddGroceryItemSheet.swift in Sources */ = {isa = PBXBuildFile; fileRef = FA6E46D15E4FD124EB6535A2 /* AddGroceryItemSheet.swift */; };
		DF7731457AC9E508DD586A96 /* AppState+Vision.swift in Sources */ = {isa = PBXBuildFile; fileRef = E8139D89AB66E9965BB567E1 /* AppState+Vision.swift */; };
		E0378532886B9D2564206062 /* GoogleSignInSwift in Frameworks */ = {isa = PBXBuildFile; productRef = 41A88D3F5C64A7005794412A /* GoogleSignInSwift */; };
		E395F9237FD8F1D10B4A2113 /* AIPageContext.swift in Sources */ = {isa = PBXBuildFile; fileRef = A4BAF92537028E47DF2B80C2 /* AIPageContext.swift */; };
		E531A283EE00068A16D1F097 /* AppState+Push.swift in Sources */ = {isa = PBXBuildFile; fileRef = 3C7E866734303B7A69FC7AA0 /* AppState+Push.swift */; };
		E552B11304864EDBA77BD097 /* RecipeNutritionMatchView.swift in Sources */ = {isa = PBXBuildFile; fileRef = C0A35C98889BF2FD0A271316 /* RecipeNutritionMatchView.swift */; };
		E6A4D9382733DDEAB5632CA6 /* ReminderListPickerSheet.swift in Sources */ = {isa = PBXBuildFile; fileRef = 4CFE006D3FD5BC2ECEBD6A00 /* ReminderListPickerSheet.swift */; };
		E867A7E734075C3C2F9C6621 /* SimmerSmithKit in Frameworks */ = {isa = PBXBuildFile; productRef = 7779C3AC094B731B66C8E38B /* SimmerSmithKit */; };
		EF518E6D2331C066714501DA /* MealNoteEditor.swift in Sources */ = {isa = PBXBuildFile; fileRef = F368CD8AFF04F7DC72D394B8 /* MealNoteEditor.swift */; };
		F1C771270E796573C34523A4 /* RecipePickerSheet.swift in Sources */ = {isa = PBXBuildFile; fileRef = 36AB5CA06BF0FB267EED5C2B /* RecipePickerSheet.swift */; };
		F2F273BE7962431455CF0E2B /* GroceryFeedbackSheet.swift in Sources */ = {isa = PBXBuildFile; fileRef = 8C7317E74DF27E9055092A74 /* GroceryFeedbackSheet.swift */; };
		F5960E1BF51ECBF2D1356835 /* SubscriptionStore.swift in Sources */ = {isa = PBXBuildFile; fileRef = 9A2F0DB49AA9FE8234318651 /* SubscriptionStore.swift */; };
		F5F7F80B40D0162C32C8081E /* Theme.swift in Sources */ = {isa = PBXBuildFile; fileRef = 1DDDF7EF8A400097345D93F0 /* Theme.swift */; };
		F5FF1BF67031E17F18887227 /* MemoryComposeSheet.swift in Sources */ = {isa = PBXBuildFile; fileRef = 14EE7553DFC9652AB1EED953 /* MemoryComposeSheet.swift */; };
		F703FF423BA58AFF2881D9C4 /* NotificationManager.swift in Sources */ = {isa = PBXBuildFile; fileRef = 01056E5288DEF5FEC88D885F /* NotificationManager.swift */; };
		FA321C275C0768C9A67973A9 /* PaywallSheet.swift in Sources */ = {isa = PBXBuildFile; fileRef = 1F4FCB335E2D0BC704F8F261 /* PaywallSheet.swift */; };
		FA5590E68EF07E869752CB73 /* SpokenStepService.swift in Sources */ = {isa = PBXBuildFile; fileRef = 73FAFAC99FA29E950AB9868C /* SpokenStepService.swift */; };
		FD12F142E93F6C92BA962DA4 /* MealQuickAddSheet.swift in Sources */ = {isa = PBXBuildFile; fileRef = 75B558C851C0287AAD147DB6 /* MealQuickAddSheet.swift */; };
		FDDAAE3A509E385CD5A86B27 /* SubstitutionSheetView.swift in Sources */ = {isa = PBXBuildFile; fileRef = 5000BD6EABEF48BB7358F8C5 /* SubstitutionSheetView.swift */; };
		FE0A34FE230DCE76754A0725 /* Assets.xcassets in Resources */ = {isa = PBXBuildFile; fileRef = 7A6B7D9F0DD74127F7C5B35F /* Assets.xcassets */; };
/* End PBXBuildFile section */

/* Begin PBXContainerItemProxy section */
		1B1D81BFCFC12A4CE565519C /* PBXContainerItemProxy */ = {
			isa = PBXContainerItemProxy;
			containerPortal = 203A8CDD4184DC90D85630F0 /* Project object */;
			proxyType = 1;
			remoteGlobalIDString = DA8FD0A67D8C362CBB8546BF;
			remoteInfo = SimmerSmith;
		};
		87D7E1F790CA9B72E603E8C3 /* PBXContainerItemProxy */ = {
			isa = PBXContainerItemProxy;
			containerPortal = 203A8CDD4184DC90D85630F0 /* Project object */;
			proxyType = 1;
			remoteGlobalIDString = DA8FD0A67D8C362CBB8546BF;
			remoteInfo = SimmerSmith;
		};
/* End PBXContainerItemProxy section */

/* Begin PBXFileReference section */
		01056E5288DEF5FEC88D885F /* NotificationManager.swift */ = {isa = PBXFileReference; lastKnownFileType = sourcecode.swift; path = NotificationManager.swift; sourceTree = "<group>"; };
		01C35592BA165B9889094B32 /* AIFloatingButton.swift */ = {isa = PBXFileReference; lastKnownFileType = sourcecode.swift; path = AIFloatingButton.swift; sourceTree = "<group>"; };
		01E820174D5BF298C1541157 /* RecipeWeekAssignmentView.swift */ = {isa = PBXFileReference; lastKnownFileType = sourcecode.swift; path = RecipeWeekAssignmentView.swift; sourceTree = "<group>"; };
		081F1E56752E16CA715C1532 /* BackgroundSyncService.swift */ = {isa = PBXFileReference; lastKnownFileType = sourcecode.swift; path = BackgroundSyncService.swift; sourceTree = "<group>"; };
		0A70D406D118627C375D6B64 /* InSeasonStrip.swift */ = {isa = PBXFileReference; lastKnownFileType = sourcecode.swift; path = InSeasonStrip.swift; sourceTree = "<group>"; };
		0C7199A2250CBA7830AFF57E /* RecipePairingsCard.swift */ = {isa = PBXFileReference; lastKnownFileType = sourcecode.swift; path = RecipePairingsCard.swift; sourceTree = "<group>"; };
		10345947B6DFB4A0CF0527E0 /* TimeBadge.swift */ = {isa = PBXFileReference; lastKnownFileType = sourcecode.swift; path = TimeBadge.swift; sourceTree = "<group>"; };
		110AEC64598ED262B55BD768 /* BrandToolbarBadge.swift */ = {isa = PBXFileReference; lastKnownFileType = sourcecode.swift; path = BrandToolbarBadge.swift; sourceTree = "<group>"; };
		14092FA88319FB68CC7C86E4 /* RecipeEditorIngredientResolution.swift */ = {isa = PBXFileReference; lastKnownFileType = sourcecode.swift; path = RecipeEditorIngredientResolution.swift; sourceTree = "<group>"; };
		14EE7553DFC9652AB1EED953 /* MemoryComposeSheet.swift */ = {isa = PBXFileReference; lastKnownFileType = sourcecode.swift; path = MemoryComposeSheet.swift; sourceTree = "<group>"; };
		16263AD59B5D2F17D3561E4A /* AppState+AI.swift */ = {isa = PBXFileReference; lastKnownFileType = sourcecode.swift; path = "AppState+AI.swift"; sourceTree = "<group>"; };
		16DDB372886E2372FDFD715E /* RecipeCard.swift */ = {isa = PBXFileReference; lastKnownFileType = sourcecode.swift; path = RecipeCard.swift; sourceTree = "<group>"; };
		1972D947D654B2B38603C14E /* SimmerSmith.app */ = {isa = PBXFileReference; includeInIndex = 0; lastKnownFileType = wrapper.application; path = SimmerSmith.app; sourceTree = BUILT_PRODUCTS_DIR; };
		1A89423CDD042C3BCD0974BF /* EventDetailView.swift */ = {isa = PBXFileReference; lastKnownFileType = sourcecode.swift; path = EventDetailView.swift; sourceTree = "<group>"; };
		1C86214020223D614C5A52CE /* CompactMealCard.swift */ = {isa = PBXFileReference; lastKnownFileType = sourcecode.swift; path = CompactMealCard.swift; sourceTree = "<group>"; };
		1D65D0437D1EB3F7E7704FFE /* PushService.swift */ = {isa = PBXFileReference; lastKnownFileType = sourcecode.swift; path = PushService.swift; sourceTree = "<group>"; };
		1DDDF7EF8A400097345D93F0 /* Theme.swift */ = {isa = PBXFileReference; lastKnownFileType = sourcecode.swift; path = Theme.swift; sourceTree = "<group>"; };
		1E83DD73B6FB0A71D95C5302 /* RecipeWebSearchSheet.swift */ = {isa = PBXFileReference; lastKnownFileType = sourcecode.swift; path = RecipeWebSearchSheet.swift; sourceTree = "<group>"; };
		1F4FCB335E2D0BC704F8F261 /* PaywallSheet.swift */ = {isa = PBXFileReference; lastKnownFileType = sourcecode.swift; path = PaywallSheet.swift; sourceTree = "<group>"; };
		23E7E670ABE57D04263684B7 /* GroceryItemEditSheet.swift */ = {isa = PBXFileReference; lastKnownFileType = sourcecode.swift; path = GroceryItemEditSheet.swift; sourceTree = "<group>"; };
		25FAFBA63965D3D1F74752EC /* EventCreateSheet.swift */ = {isa = PBXFileReference; lastKnownFileType = sourcecode.swift; path = EventCreateSheet.swift; sourceTree = "<group>"; };
		26076A4E14EE7B4C7DC0B5AD /* AppState+Profile.swift */ = {isa = PBXFileReference; lastKnownFileType = sourcecode.swift; path = "AppState+Profile.swift"; sourceTree = "<group>"; };
		27B617C15FBB7189BE5086D0 /* ActivityView.swift */ = {isa = PBXFileReference; lastKnownFileType = sourcecode.swift; path = ActivityView.swift; sourceTree = "<group>"; };
		2C1D5C19615FDB1970BD83E5 /* AIAssistantOverlay.swift */ = {isa = PBXFileReference; lastKnownFileType = sourcecode.swift; path = AIAssistantOverlay.swift; sourceTree = "<group>"; };
		305DB39B05047967856041B5 /* AssistantToolCallCard.swift */ = {isa = PBXFileReference; lastKnownFileType = sourcecode.swift; path = AssistantToolCallCard.swift; sourceTree = "<group>"; };
		3537D9BBBEB3EF263877815A /* SimmerSmithAppDelegate.swift */ = {isa = PBXFileReference; lastKnownFileType = sourcecode.swift; path = SimmerSmithAppDelegate.swift; sourceTree = "<group>"; };
		35EEF81A482382B24772C218 /* LocalNotificationService.swift */ = {isa = PBXFileReference; lastKnownFileType = sourcecode.swift; path = LocalNotificationService.swift; sourceTree = "<group>"; };
		3679DF56BB2C65A8DA4541BD /* MealSlotRow.swift */ = {isa = PBXFileReference; lastKnownFileType = sourcecode.swift; path = MealSlotRow.swift; sourceTree = "<group>"; };
		36AB5CA06BF0FB267EED5C2B /* RecipePickerSheet.swift */ = {isa = PBXFileReference; lastKnownFileType = sourcecode.swift; path = RecipePickerSheet.swift; sourceTree = "<group>"; };
		3C7E866734303B7A69FC7AA0 /* AppState+Push.swift */ = {isa = PBXFileReference; lastKnownFileType = sourcecode.swift; path = "AppState+Push.swift"; sourceTree = "<group>"; };
		41C73D583ED87BFE61E47C9D /* WeekView.swift */ = {isa = PBXFileReference; lastKnownFileType = sourcecode.swift; path = WeekView.swift; sourceTree = "<group>"; };
		42FB8215B29EE1469EE3AA1E /* MainTabView.swift */ = {isa = PBXFileReference; lastKnownFileType = sourcecode.swift; path = MainTabView.swift; sourceTree = "<group>"; };
		49A10F1ED3FB047CF6466481 /* IngredientsView.swift */ = {isa = PBXFileReference; lastKnownFileType = sourcecode.swift; path = IngredientsView.swift; sourceTree = "<group>"; };
		4A37211FCE416E9BD3B7C4F2 /* AppState+Aliases.swift */ = {isa = PBXFileReference; lastKnownFileType = sourcecode.swift; path = "AppState+Aliases.swift"; sourceTree = "<group>"; };
		4CFE006D3FD5BC2ECEBD6A00 /* ReminderListPickerSheet.swift */ = {isa = PBXFileReference; lastKnownFileType = sourcecode.swift; path = ReminderListPickerSheet.swift; sourceTree = "<group>"; };
		4DD4B0B2B48797EDA3DA4907 /* RemindersService.swift */ = {isa = PBXFileReference; lastKnownFileType = sourcecode.swift; path = RemindersService.swift; sourceTree = "<group>"; };
		4F6BEBB4D9B06B80665D9652 /* WrappingHStack.swift */ = {isa = PBXFileReference; lastKnownFileType = sourcecode.swift; path = WrappingHStack.swift; sourceTree = "<group>"; };
		5000BD6EABEF48BB7358F8C5 /* SubstitutionSheetView.swift */ = {isa = PBXFileReference; lastKnownFileType = sourcecode.swift; path = SubstitutionSheetView.swift; sourceTree = "<group>"; };
		50B987531CD5D3613D68015F /* EventMealEditorSheet.swift */ = {isa = PBXFileReference; lastKnownFileType = sourcecode.swift; path = EventMealEditorSheet.swift; sourceTree = "<group>"; };
		52086E84A5714DECD4E1229F /* VoiceCommandService.swift */ = {isa = PBXFileReference; lastKnownFileType = sourcecode.swift; path = VoiceCommandService.swift; sourceTree = "<group>"; };
		577414F6ADB8299D9172472F /* SimmerSmith.entitlements */ = {isa = PBXFileReference; lastKnownFileType = text.plist.entitlements; path = SimmerSmith.entitlements; sourceTree = "<group>"; };
		5CB95AB2A0E397EA4483A89C /* OnboardingInterviewView.swift */ = {isa = PBXFileReference; lastKnownFileType = sourcecode.swift; path = OnboardingInterviewView.swift; sourceTree = "<group>"; };
		5CBD6C6A76089A9D8F674887 /* GuestEditorSheet.swift */ = {isa = PBXFileReference; lastKnownFileType = sourcecode.swift; path = GuestEditorSheet.swift; sourceTree = "<group>"; };
		5D6F1198488A7EEFE6A848A3 /* RecipesView.swift */ = {isa = PBXFileReference; lastKnownFileType = sourcecode.swift; path = RecipesView.swift; sourceTree = "<group>"; };
		5DCB34ECB2740428AB771B5D /* AppState+Ingredients.swift */ = {isa = PBXFileReference; lastKnownFileType = sourcecode.swift; path = "AppState+Ingredients.swift"; sourceTree = "<group>"; };
		6127E6D290A5B49CE1F51554 /* EventsView.swift */ = {isa = PBXFileReference; lastKnownFileType = sourcecode.swift; path = EventsView.swift; sourceTree = "<group>"; };
		614AF4945E1DC7871A7C607E /* AppState+Recipes.swift */ = {isa = PBXFileReference; lastKnownFileType = sourcecode.swift; path = "AppState+Recipes.swift"; sourceTree = "<group>"; };
		61AD0A0E7CB70BAD5844AE9C /* RecipeEditorNutritionEditor.swift */ = {isa = PBXFileReference; lastKnownFileType = sourcecode.swift; path = RecipeEditorNutritionEditor.swift; sourceTree = "<group>"; };
		61DF4C402A2B4FBFF4C1D3D4 /* MacroRing.swift */ = {isa = PBXFileReference; lastKnownFileType = sourcecode.swift; path = MacroRing.swift; sourceTree = "<group>"; };
		62F1F6BBBA32D70674A08939 /* AIRecipeCreateSheet.swift */ = {isa = PBXFileReference; lastKnownFileType = sourcecode.swift; path = AIRecipeCreateSheet.swift; sourceTree = "<group>"; };
		62FF2F7396D8473E70FD3C30 /* RecipeEditorView.swift */ = {isa = PBXFileReference; lastKnownFileType = sourcecode.swift; path = RecipeEditorView.swift; sourceTree = "<group>"; };
		66465170F1619913CD28CBBB /* AIAssistantSheetView.swift */ = {isa = PBXFileReference; lastKnownFileType = sourcecode.swift; path = AIAssistantSheetView.swift; sourceTree = "<group>"; };
		6A44D5BA4D069FF59E10CA75 /* SettingsView.swift */ = {isa = PBXFileReference; lastKnownFileType = sourcecode.swift; path = SettingsView.swift; sourceTree = "<group>"; };
		6DF738967CD3644971E26635 /* SignInView.swift */ = {isa = PBXFileReference; lastKnownFileType = sourcecode.swift; path = SignInView.swift; sourceTree = "<group>"; };
		6ECB22E673210C0A5DD08ADF /* DayKey.swift */ = {isa = PBXFileReference; lastKnownFileType = sourcecode.swift; path = DayKey.swift; sourceTree = "<group>"; };
		708008F3105E37EDF228F3B1 /* RecipeDetailView.swift */ = {isa = PBXFileReference; lastKnownFileType = sourcecode.swift; path = RecipeDetailView.swift; sourceTree = "<group>"; };
		726F9734B5CD3D5C57AEE89F /* StoreSelectionView.swift */ = {isa = PBXFileReference; lastKnownFileType = sourcecode.swift; path = StoreSelectionView.swift; sourceTree = "<group>"; };
		7387FA57FB78ACD7148F204D /* AppState+Events.swift */ = {isa = PBXFileReference; lastKnownFileType = sourcecode.swift; path = "AppState+Events.swift"; sourceTree = "<group>"; };
		73FAFAC99FA29E950AB9868C /* SpokenStepService.swift */ = {isa = PBXFileReference; lastKnownFileType = sourcecode.swift; path = SpokenStepService.swift; sourceTree = "<group>"; };
		74BEFEA67BE67E9376250739 /* RecipeMemoriesSection.swift */ = {isa = PBXFileReference; lastKnownFileType = sourcecode.swift; path = RecipeMemoriesSection.swift; sourceTree = "<group>"; };
		751E17ED832EC47C3BFD37E9 /* IngredientVariationManagementSection.swift */ = {isa = PBXFileReference; lastKnownFileType = sourcecode.swift; path = IngredientVariationManagementSection.swift; sourceTree = "<group>"; };
		75B558C851C0287AAD147DB6 /* MealQuickAddSheet.swift */ = {isa = PBXFileReference; lastKnownFileType = sourcecode.swift; path = MealQuickAddSheet.swift; sourceTree = "<group>"; };
		7A6B7D9F0DD74127F7C5B35F /* Assets.xcassets */ = {isa = PBXFileReference; lastKnownFileType = folder.assetcatalog; path = Assets.xcassets; sourceTree = "<group>"; };
		7AF03C5E2665BCEA0F29367E /* DayCard.swift */ = {isa = PBXFileReference; lastKnownFileType = sourcecode.swift; path = DayCard.swift; sourceTree = "<group>"; };
		7D2B9F4297ED6946313633D8 /* IngredientScannerView.swift */ = {isa = PBXFileReference; lastKnownFileType = sourcecode.swift; path = IngredientScannerView.swift; sourceTree = "<group>"; };
		7F1963D01B2C80B6EE4AAE5F /* AppState+Seasonal.swift */ = {isa = PBXFileReference; lastKnownFileType = sourcecode.swift; path = "AppState+Seasonal.swift"; sourceTree = "<group>"; };
		7F6AC90F65369FDFDE3B64F6 /* SMCard.swift */ = {isa = PBXFileReference; lastKnownFileType = sourcecode.swift; path = SMCard.swift; sourceTree = "<group>"; };
		826C2E87AD9AE2A06B5321AD /* DietaryGoalView.swift */ = {isa = PBXFileReference; lastKnownFileType = sourcecode.swift; path = DietaryGoalView.swift; sourceTree = "<group>"; };
		8C306CEEE372F046211BB6A2 /* BaseIngredientMergeSheet.swift */ = {isa = PBXFileReference; lastKnownFileType = sourcecode.swift; path = BaseIngredientMergeSheet.swift; sourceTree = "<group>"; };
		8C7317E74DF27E9055092A74 /* GroceryFeedbackSheet.swift */ = {isa = PBXFileReference; lastKnownFileType = sourcecode.swift; path = GroceryFeedbackSheet.swift; sourceTree = "<group>"; };
		8C8E0D9915D41D95540C426F /* RecipeHeaderImage.swift */ = {isa = PBXFileReference; lastKnownFileType = sourcecode.swift; path = RecipeHeaderImage.swift; sourceTree = "<group>"; };
		8D7938EAEC1EF2C60BB8F146 /* AppState+Subscription.swift */ = {isa = PBXFileReference; lastKnownFileType = sourcecode.swift; path = "AppState+Subscription.swift"; sourceTree = "<group>"; };
		8E9FBFCFE9C5299D36712B26 /* SimmerSmithTests.swift */ = {isa = PBXFileReference; lastKnownFileType = sourcecode.swift; path = SimmerSmithTests.swift; sourceTree = "<group>"; };
		90A0C4DDF646587A7D3FC139 /* DayNutritionSheet.swift */ = {isa = PBXFileReference; lastKnownFileType = sourcecode.swift; path = DayNutritionSheet.swift; sourceTree = "<group>"; };
		9198792752E0165F0CA595CE /* GroceryArchiveSheet.swift */ = {isa = PBXFileReference; lastKnownFileType = sourcecode.swift; path = GroceryArchiveSheet.swift; sourceTree = "<group>"; };
		943154DAFF1DC47F701B6AF6 /* HeroRecipeCard.swift */ = {isa = PBXFileReference; lastKnownFileType = sourcecode.swift; path = HeroRecipeCard.swift; sourceTree = "<group>"; };
		948ABB7833B8C8B3E7ACAC20 /* GroceryReminderMapping.swift */ = {isa = PBXFileReference; lastKnownFileType = sourcecode.swift; path = GroceryReminderMapping.swift; sourceTree = "<group>"; };
		9A2F0DB49AA9FE8234318651 /* SubscriptionStore.swift */ = {isa = PBXFileReference; lastKnownFileType = sourcecode.swift; path = SubscriptionStore.swift; sourceTree = "<group>"; };
		9AC343882E82E9D7CE676F34 /* AppState+Weeks.swift */ = {isa = PBXFileReference; lastKnownFileType = sourcecode.swift; path = "AppState+Weeks.swift"; sourceTree = "<group>"; };
		9C25C92649B5FBE3D037B95A /* IngredientCatalogList.swift */ = {isa = PBXFileReference; lastKnownFileType = sourcecode.swift; path = IngredientCatalogList.swift; sourceTree = "<group>"; };
		9F87E3578EB62B233EF73EE4 /* SimmerSmithUITests.swift */ = {isa = PBXFileReference; lastKnownFileType = sourcecode.swift; path = SimmerSmithUITests.swift; sourceTree = "<group>"; };
		A33E0F18FC2CE75CD7A8B98A /* CookCheckView.swift */ = {isa = PBXFileReference; lastKnownFileType = sourcecode.swift; path = CookCheckView.swift; sourceTree = "<group>"; };
		A4BAF92537028E47DF2B80C2 /* AIPageContext.swift */ = {isa = PBXFileReference; lastKnownFileType = sourcecode.swift; path = AIPageContext.swift; sourceTree = "<group>"; };
		A67E1D4E6F838082C4E8DDAF /* SimmerSmithApp.swift */ = {isa = PBXFileReference; lastKnownFileType = sourcecode.swift; path = SimmerSmithApp.swift; sourceTree = "<group>"; };
		A6D99BDCE7DF25F031B23486 /* MealMoveSheet.swift */ = {isa = PBXFileReference; lastKnownFileType = sourcecode.swift; path = MealMoveSheet.swift; sourceTree = "<group>"; };
		A71822917FBDBA318104CE69 /* MemoryPhotoView.swift */ = {isa = PBXFileReference; lastKnownFileType = sourcecode.swift; path = MemoryPhotoView.swift; sourceTree = "<group>"; };
		A7308F46C3B2670F4FB20AAD /* RecipeSupport.swift */ = {isa = PBXFileReference; lastKnownFileType = sourcecode.swift; path = RecipeSupport.swift; sourceTree = "<group>"; };
		A80D37100BDECCA31338BFE8 /* AppState+Household.swift */ = {isa = PBXFileReference; lastKnownFileType = sourcecode.swift; path = "AppState+Household.swift"; sourceTree = "<group>"; };
		A8178AFC294B4845F8D0AFF3 /* SimmerSmithKit */ = {isa = PBXFileReference; lastKnownFileType = folder; name = SimmerSmithKit; path = ../SimmerSmithKit; sourceTree = SOURCE_ROOT; };
		A99F4CCC2130F15AC404F605 /* AppState+Grocery.swift */ = {isa = PBXFileReference; lastKnownFileType = sourcecode.swift; path = "AppState+Grocery.swift"; sourceTree = "<group>"; };
		AA12D8F99F863C413A31A02F /* SimmerSmithUITests.xctest */ = {isa = PBXFileReference; includeInIndex = 0; lastKnownFileType = wrapper.cfbundle; path = SimmerSmithUITests.xctest; sourceTree = BUILT_PRODUCTS_DIR; };
		AB6E839108F9DCE492AA99BF /* MealSidesSheet.swift */ = {isa = PBXFileReference; lastKnownFileType = sourcecode.swift; path = MealSidesSheet.swift; sourceTree = "<group>"; };
		ABA391135FC54F682B62E86F /* InvitationSheet.swift */ = {isa = PBXFileReference; lastKnownFileType = sourcecode.swift; path = InvitationSheet.swift; sourceTree = "<group>"; };
		B11211BF532BA99470BA0A30 /* IngredientLinkPickerSheet.swift */ = {isa = PBXFileReference; lastKnownFileType = sourcecode.swift; path = IngredientLinkPickerSheet.swift; sourceTree = "<group>"; };
		B1FAC97E2295A441869E9EC8 /* BarcodeScannerView.swift */ = {isa = PBXFileReference; lastKnownFileType = sourcecode.swift; path = BarcodeScannerView.swift; sourceTree = "<group>"; };
		B3AE2B7D371803789AF07846 /* RecipeListRow.swift */ = {isa = PBXFileReference; lastKnownFileType = sourcecode.swift; path = RecipeListRow.swift; sourceTree = "<group>"; };
		B7332396128AF5CD988A1821 /* CompactRecipeCard.swift */ = {isa = PBXFileReference; lastKnownFileType = sourcecode.swift; path = CompactRecipeCard.swift; sourceTree = "<group>"; };
		BC21B409CD23A4D526A595F7 /* HouseholdAliasesView.swift */ = {isa = PBXFileReference; lastKnownFileType = sourcecode.swift; path = HouseholdAliasesView.swift; sourceTree = "<group>"; };
		BD11DDCDD443B48083C9960E /* RecipeEditorStepsEditor.swift */ = {isa = PBXFileReference; lastKnownFileType = sourcecode.swift; path = RecipeEditorStepsEditor.swift; sourceTree = "<group>"; };
		C0A35C98889BF2FD0A271316 /* RecipeNutritionMatchView.swift */ = {isa = PBXFileReference; lastKnownFileType = sourcecode.swift; path = RecipeNutritionMatchView.swift; sourceTree = "<group>"; };
		C652054355BDBBF8BDE59B41 /* AppState+Reminders.swift */ = {isa = PBXFileReference; lastKnownFileType = sourcecode.swift; path = "AppState+Reminders.swift"; sourceTree = "<group>"; };
		C97F2A8FAD850D02995516AE /* GroceryView.swift */ = {isa = PBXFileReference; lastKnownFileType = sourcecode.swift; path = GroceryView.swift; sourceTree = "<group>"; };
		D0EDBF32F733FB6791D90373 /* CookingTimerChip.swift */ = {isa = PBXFileReference; lastKnownFileType = sourcecode.swift; path = CookingTimerChip.swift; sourceTree = "<group>"; };
		D13A1E8751515FDFF85AC9B2 /* CookingModeView.swift */ = {isa = PBXFileReference; lastKnownFileType = sourcecode.swift; path = CookingModeView.swift; sourceTree = "<group>"; };
		D259DF81D5A9A31461E55E26 /* GroceryTabView.swift */ = {isa = PBXFileReference; lastKnownFileType = sourcecode.swift; path = GroceryTabView.swift; sourceTree = "<group>"; };
		D518A1171D63ABFD56E8F391 /* AIAssistantCoordinator.swift */ = {isa = PBXFileReference; lastKnownFileType = sourcecode.swift; path = AIAssistantCoordinator.swift; sourceTree = "<group>"; };
		D6ED1C25DB773F9DBF319A2F /* AppState.swift */ = {isa = PBXFileReference; lastKnownFileType = sourcecode.swift; path = AppState.swift; sourceTree = "<group>"; };
		DD0572939C9829F3E57166EB /* ConnectionSetupView.swift */ = {isa = PBXFileReference; lastKnownFileType = sourcecode.swift; path = ConnectionSetupView.swift; sourceTree = "<group>"; };
		DF2D8B527603D3217EFA2E1C /* RecipeImportView.swift */ = {isa = PBXFileReference; lastKnownFileType = sourcecode.swift; path = RecipeImportView.swift; sourceTree = "<group>"; };
		E77574E1813D8C368CBAFF27 /* AssistantView.swift */ = {isa = PBXFileReference; lastKnownFileType = sourcecode.swift; path = AssistantView.swift; sourceTree = "<group>"; };
		E8139D89AB66E9965BB567E1 /* AppState+Vision.swift */ = {isa = PBXFileReference; lastKnownFileType = sourcecode.swift; path = "AppState+Vision.swift"; sourceTree = "<group>"; };
		E8ED641FC0046AD669A36898 /* Info.plist */ = {isa = PBXFileReference; lastKnownFileType = text.plist; path = Info.plist; sourceTree = "<group>"; };
		EA104ABEEC718C1755D05534 /* AppState+Assistant.swift */ = {isa = PBXFileReference; lastKnownFileType = sourcecode.swift; path = "AppState+Assistant.swift"; sourceTree = "<group>"; };
		F0B28F292F8748D3882C5639 /* FeedbackComposerView.swift */ = {isa = PBXFileReference; lastKnownFileType = sourcecode.swift; path = FeedbackComposerView.swift; sourceTree = "<group>"; };
		F222A33C201808AF925C11C1 /* EventEditSheet.swift */ = {isa = PBXFileReference; lastKnownFileType = sourcecode.swift; path = EventEditSheet.swift; sourceTree = "<group>"; };
		F368CD8AFF04F7DC72D394B8 /* MealNoteEditor.swift */ = {isa = PBXFileReference; lastKnownFileType = sourcecode.swift; path = MealNoteEditor.swift; sourceTree = "<group>"; };
		F4DA130CC3CF01AC162AF455 /* SimmerSmithTests.xctest */ = {isa = PBXFileReference; includeInIndex = 0; lastKnownFileType = wrapper.cfbundle; path = SimmerSmithTests.xctest; sourceTree = BUILT_PRODUCTS_DIR; };
		F796BB3E64B0CEC4AB2B6FF0 /* CuisinePill.swift */ = {isa = PBXFileReference; lastKnownFileType = sourcecode.swift; path = CuisinePill.swift; sourceTree = "<group>"; };
		F7AB5C4A651E47C2ED148EC4 /* TodayMealCard.swift */ = {isa = PBXFileReference; lastKnownFileType = sourcecode.swift; path = TodayMealCard.swift; sourceTree = "<group>"; };
		F80EE82F42F6428AF84B3E94 /* RecipeWebImportView.swift */ = {isa = PBXFileReference; lastKnownFileType = sourcecode.swift; path = RecipeWebImportView.swift; sourceTree = "<group>"; };
		F9B7C710B194A7A3BDF6D722 /* RecipeImageOverrideSheet.swift */ = {isa = PBXFileReference; lastKnownFileType = sourcecode.swift; path = RecipeImageOverrideSheet.swift; sourceTree = "<group>"; };
		FA6E46D15E4FD124EB6535A2 /* AddGroceryItemSheet.swift */ = {isa = PBXFileReference; lastKnownFileType = sourcecode.swift; path = AddGroceryItemSheet.swift; sourceTree = "<group>"; };
		FAE77361E7724F4B7835C0AE /* PhotoCompression.swift */ = {isa = PBXFileReference; lastKnownFileType = sourcecode.swift; path = PhotoCompression.swift; sourceTree = "<group>"; };
		FF982BE7185D4506E4BAC7C6 /* RootView.swift */ = {isa = PBXFileReference; lastKnownFileType = sourcecode.swift; path = RootView.swift; sourceTree = "<group>"; };
/* End PBXFileReference section */

/* Begin PBXFrameworksBuildPhase section */
		A8265FF393588270328AB50F /* Frameworks */ = {
			isa = PBXFrameworksBuildPhase;
			buildActionMask = 2147483647;
			files = (
				277A0DE36D3096B7BB76ED9E /* SimmerSmithKit in Frameworks */,
				B3A1BE0F8986881FCB386F8F /* GoogleSignIn in Frameworks */,
				E0378532886B9D2564206062 /* GoogleSignInSwift in Frameworks */,
			);
			runOnlyForDeploymentPostprocessing = 0;
		};
		E27D07E412EC1D8FFD34C794 /* Frameworks */ = {
			isa = PBXFrameworksBuildPhase;
			buildActionMask = 2147483647;
			files = (
				E867A7E734075C3C2F9C6621 /* SimmerSmithKit in Frameworks */,
			);
			runOnlyForDeploymentPostprocessing = 0;
		};
/* End PBXFrameworksBuildPhase section */

/* Begin PBXGroup section */
		1E42F42156053EDC2BBB13EB /* Features */ = {
			isa = PBXGroup;
			children = (
				EF70B408F3FB8C89C77B6CEA /* Activity */,
				F1CCFAEFFA22DA98E78462EB /* AIAssistant */,
				74A8AF778162C4E19A484E4E /* Assistant */,
				44865708CCD5DC268F5AC6FA /* Cooking */,
				1EA0CBEF0F1B5F21DDF8D7DF /* Events */,
				C7B4A917F0710310FDFAE525 /* Grocery */,
				3A248CC4192B34E04AB0DA95 /* Ingredients */,
				D3DD53FF55F643B88DFC320C /* Onboarding */,
				DE59617CC6B5167ED8E3A2CF /* Paywall */,
				7EBADF07E0E6DB08A57494D0 /* Recipes */,
				AF385378308CFFCC95BB6B62 /* Settings */,
				EE923BEF33AA4479174A71DE /* Shared */,
				21EBD5C0DBC902F0BD90AF13 /* Vision */,
				C6968AE6DE23D3B794005E21 /* Week */,
			);
			path = Features;
			sourceTree = "<group>";
		};
		1EA0CBEF0F1B5F21DDF8D7DF /* Events */ = {
			isa = PBXGroup;
			children = (
				25FAFBA63965D3D1F74752EC /* EventCreateSheet.swift */,
				1A89423CDD042C3BCD0974BF /* EventDetailView.swift */,
				F222A33C201808AF925C11C1 /* EventEditSheet.swift */,
				50B987531CD5D3613D68015F /* EventMealEditorSheet.swift */,
				6127E6D290A5B49CE1F51554 /* EventsView.swift */,
				5CBD6C6A76089A9D8F674887 /* GuestEditorSheet.swift */,
			);
			path = Events;
			sourceTree = "<group>";
		};
		21EBD5C0DBC902F0BD90AF13 /* Vision */ = {
			isa = PBXGroup;
			children = (
				B1FAC97E2295A441869E9EC8 /* BarcodeScannerView.swift */,
				A33E0F18FC2CE75CD7A8B98A /* CookCheckView.swift */,
				7D2B9F4297ED6946313633D8 /* IngredientScannerView.swift */,
			);
			path = Vision;
			sourceTree = "<group>";
		};
		303B241DA547586BBB8D3798 /* Components */ = {
			isa = PBXGroup;
			children = (
				01C35592BA165B9889094B32 /* AIFloatingButton.swift */,
				1C86214020223D614C5A52CE /* CompactMealCard.swift */,
				B7332396128AF5CD988A1821 /* CompactRecipeCard.swift */,
				F796BB3E64B0CEC4AB2B6FF0 /* CuisinePill.swift */,
				7AF03C5E2665BCEA0F29367E /* DayCard.swift */,
				943154DAFF1DC47F701B6AF6 /* HeroRecipeCard.swift */,
				61DF4C402A2B4FBFF4C1D3D4 /* MacroRing.swift */,
				3679DF56BB2C65A8DA4541BD /* MealSlotRow.swift */,
				16DDB372886E2372FDFD715E /* RecipeCard.swift */,
				B3AE2B7D371803789AF07846 /* RecipeListRow.swift */,
				7F6AC90F65369FDFDE3B64F6 /* SMCard.swift */,
				10345947B6DFB4A0CF0527E0 /* TimeBadge.swift */,
				F7AB5C4A651E47C2ED148EC4 /* TodayMealCard.swift */,
				4F6BEBB4D9B06B80665D9652 /* WrappingHStack.swift */,
			);
			path = Components;
			sourceTree = "<group>";
		};
		320E6BCA147057AF62AFE986 /* Products */ = {
			isa = PBXGroup;
			children = (
				1972D947D654B2B38603C14E /* SimmerSmith.app */,
				F4DA130CC3CF01AC162AF455 /* SimmerSmithTests.xctest */,
				AA12D8F99F863C413A31A02F /* SimmerSmithUITests.xctest */,
			);
			name = Products;
			sourceTree = "<group>";
		};
		3A248CC4192B34E04AB0DA95 /* Ingredients */ = {
			isa = PBXGroup;
			children = (
				8C306CEEE372F046211BB6A2 /* BaseIngredientMergeSheet.swift */,
				9C25C92649B5FBE3D037B95A /* IngredientCatalogList.swift */,
				49A10F1ED3FB047CF6466481 /* IngredientsView.swift */,
				751E17ED832EC47C3BFD37E9 /* IngredientVariationManagementSection.swift */,
			);
			path = Ingredients;
			sourceTree = "<group>";
		};
		403FBEEB17B79565CF26E476 /* Utilities */ = {
			isa = PBXGroup;
			children = (
				6ECB22E673210C0A5DD08ADF /* DayKey.swift */,
				FAE77361E7724F4B7835C0AE /* PhotoCompression.swift */,
			);
			path = Utilities;
			sourceTree = "<group>";
		};
		44865708CCD5DC268F5AC6FA /* Cooking */ = {
			isa = PBXGroup;
			children = (
				D13A1E8751515FDFF85AC9B2 /* CookingModeView.swift */,
				D0EDBF32F733FB6791D90373 /* CookingTimerChip.swift */,
			);
			path = Cooking;
			sourceTree = "<group>";
		};
		4B4A178409352DE229F50741 /* App */ = {
			isa = PBXGroup;
			children = (
				D6ED1C25DB773F9DBF319A2F /* AppState.swift */,
				16263AD59B5D2F17D3561E4A /* AppState+AI.swift */,
				4A37211FCE416E9BD3B7C4F2 /* AppState+Aliases.swift */,
				EA104ABEEC718C1755D05534 /* AppState+Assistant.swift */,
				7387FA57FB78ACD7148F204D /* AppState+Events.swift */,
				A99F4CCC2130F15AC404F605 /* AppState+Grocery.swift */,
				A80D37100BDECCA31338BFE8 /* AppState+Household.swift */,
				5DCB34ECB2740428AB771B5D /* AppState+Ingredients.swift */,
				26076A4E14EE7B4C7DC0B5AD /* AppState+Profile.swift */,
				3C7E866734303B7A69FC7AA0 /* AppState+Push.swift */,
				614AF4945E1DC7871A7C607E /* AppState+Recipes.swift */,
				C652054355BDBBF8BDE59B41 /* AppState+Reminders.swift */,
				7F1963D01B2C80B6EE4AAE5F /* AppState+Seasonal.swift */,
				8D7938EAEC1EF2C60BB8F146 /* AppState+Subscription.swift */,
				E8139D89AB66E9965BB567E1 /* AppState+Vision.swift */,
				9AC343882E82E9D7CE676F34 /* AppState+Weeks.swift */,
				42FB8215B29EE1469EE3AA1E /* MainTabView.swift */,
				FF982BE7185D4506E4BAC7C6 /* RootView.swift */,
				A67E1D4E6F838082C4E8DDAF /* SimmerSmithApp.swift */,
				3537D9BBBEB3EF263877815A /* SimmerSmithAppDelegate.swift */,
			);
			path = App;
			sourceTree = "<group>";
		};
		6AE9197ED55EA06FB91EA461 /* Packages */ = {
			isa = PBXGroup;
			children = (
				A8178AFC294B4845F8D0AFF3 /* SimmerSmithKit */,
			);
			name = Packages;
			sourceTree = "<group>";
		};
		74A8AF778162C4E19A484E4E /* Assistant */ = {
			isa = PBXGroup;
			children = (
				305DB39B05047967856041B5 /* AssistantToolCallCard.swift */,
				E77574E1813D8C368CBAFF27 /* AssistantView.swift */,
			);
			path = Assistant;
			sourceTree = "<group>";
		};
		7587D8E0C14BF50249544874 /* Services */ = {
			isa = PBXGroup;
			children = (
				081F1E56752E16CA715C1532 /* BackgroundSyncService.swift */,
				948ABB7833B8C8B3E7ACAC20 /* GroceryReminderMapping.swift */,
				35EEF81A482382B24772C218 /* LocalNotificationService.swift */,
				01056E5288DEF5FEC88D885F /* NotificationManager.swift */,
				1D65D0437D1EB3F7E7704FFE /* PushService.swift */,
				4DD4B0B2B48797EDA3DA4907 /* RemindersService.swift */,
				73FAFAC99FA29E950AB9868C /* SpokenStepService.swift */,
				52086E84A5714DECD4E1229F /* VoiceCommandService.swift */,
			);
			path = Services;
			sourceTree = "<group>";
		};
		7EBADF07E0E6DB08A57494D0 /* Recipes */ = {
			isa = PBXGroup;
			children = (
				14EE7553DFC9652AB1EED953 /* MemoryComposeSheet.swift */,
				A71822917FBDBA318104CE69 /* MemoryPhotoView.swift */,
				708008F3105E37EDF228F3B1 /* RecipeDetailView.swift */,
				14092FA88319FB68CC7C86E4 /* RecipeEditorIngredientResolution.swift */,
				61AD0A0E7CB70BAD5844AE9C /* RecipeEditorNutritionEditor.swift */,
				BD11DDCDD443B48083C9960E /* RecipeEditorStepsEditor.swift */,
				62FF2F7396D8473E70FD3C30 /* RecipeEditorView.swift */,
				8C8E0D9915D41D95540C426F /* RecipeHeaderImage.swift */,
				F9B7C710B194A7A3BDF6D722 /* RecipeImageOverrideSheet.swift */,
				DF2D8B527603D3217EFA2E1C /* RecipeImportView.swift */,
				74BEFEA67BE67E9376250739 /* RecipeMemoriesSection.swift */,
				C0A35C98889BF2FD0A271316 /* RecipeNutritionMatchView.swift */,
				0C7199A2250CBA7830AFF57E /* RecipePairingsCard.swift */,
				A7308F46C3B2670F4FB20AAD /* RecipeSupport.swift */,
				5D6F1198488A7EEFE6A848A3 /* RecipesView.swift */,
				F80EE82F42F6428AF84B3E94 /* RecipeWebImportView.swift */,
				1E83DD73B6FB0A71D95C5302 /* RecipeWebSearchSheet.swift */,
				01E820174D5BF298C1541157 /* RecipeWeekAssignmentView.swift */,
				5000BD6EABEF48BB7358F8C5 /* SubstitutionSheetView.swift */,
			);
			path = Recipes;
			sourceTree = "<group>";
		};
		85E10677AB3A0D9FDCF6A879 /* DesignSystem */ = {
			isa = PBXGroup;
			children = (
				1DDDF7EF8A400097345D93F0 /* Theme.swift */,
				303B241DA547586BBB8D3798 /* Components */,
			);
			path = DesignSystem;
			sourceTree = "<group>";
		};
		9F4791B04160E7A644CBCF9D /* SimmerSmithUITests */ = {
			isa = PBXGroup;
			children = (
				9F87E3578EB62B233EF73EE4 /* SimmerSmithUITests.swift */,
			);
			path = SimmerSmithUITests;
			sourceTree = "<group>";
		};
		AF385378308CFFCC95BB6B62 /* Settings */ = {
			isa = PBXGroup;
			children = (
				826C2E87AD9AE2A06B5321AD /* DietaryGoalView.swift */,
				BC21B409CD23A4D526A595F7 /* HouseholdAliasesView.swift */,
				ABA391135FC54F682B62E86F /* InvitationSheet.swift */,
				4CFE006D3FD5BC2ECEBD6A00 /* ReminderListPickerSheet.swift */,
				6A44D5BA4D069FF59E10CA75 /* SettingsView.swift */,
				726F9734B5CD3D5C57AEE89F /* StoreSelectionView.swift */,
			);
			path = Settings;
			sourceTree = "<group>";
		};
		C6968AE6DE23D3B794005E21 /* Week */ = {
			isa = PBXGroup;
			children = (
				62F1F6BBBA32D70674A08939 /* AIRecipeCreateSheet.swift */,
				90A0C4DDF646587A7D3FC139 /* DayNutritionSheet.swift */,
				0A70D406D118627C375D6B64 /* InSeasonStrip.swift */,
				A6D99BDCE7DF25F031B23486 /* MealMoveSheet.swift */,
				F368CD8AFF04F7DC72D394B8 /* MealNoteEditor.swift */,
				75B558C851C0287AAD147DB6 /* MealQuickAddSheet.swift */,
				AB6E839108F9DCE492AA99BF /* MealSidesSheet.swift */,
				36AB5CA06BF0FB267EED5C2B /* RecipePickerSheet.swift */,
				41C73D583ED87BFE61E47C9D /* WeekView.swift */,
			);
			path = Week;
			sourceTree = "<group>";
		};
		C7B4A917F0710310FDFAE525 /* Grocery */ = {
			isa = PBXGroup;
			children = (
				FA6E46D15E4FD124EB6535A2 /* AddGroceryItemSheet.swift */,
				9198792752E0165F0CA595CE /* GroceryArchiveSheet.swift */,
				8C7317E74DF27E9055092A74 /* GroceryFeedbackSheet.swift */,
				23E7E670ABE57D04263684B7 /* GroceryItemEditSheet.swift */,
				D259DF81D5A9A31461E55E26 /* GroceryTabView.swift */,
				C97F2A8FAD850D02995516AE /* GroceryView.swift */,
				B11211BF532BA99470BA0A30 /* IngredientLinkPickerSheet.swift */,
			);
			path = Grocery;
			sourceTree = "<group>";
		};
		D3DD53FF55F643B88DFC320C /* Onboarding */ = {
			isa = PBXGroup;
			children = (
				DD0572939C9829F3E57166EB /* ConnectionSetupView.swift */,
				5CB95AB2A0E397EA4483A89C /* OnboardingInterviewView.swift */,
				6DF738967CD3644971E26635 /* SignInView.swift */,
			);
			path = Onboarding;
			sourceTree = "<group>";
		};
		DE59617CC6B5167ED8E3A2CF /* Paywall */ = {
			isa = PBXGroup;
			children = (
				1F4FCB335E2D0BC704F8F261 /* PaywallSheet.swift */,
				9A2F0DB49AA9FE8234318651 /* SubscriptionStore.swift */,
			);
			path = Paywall;
			sourceTree = "<group>";
		};
		E6E4414FC4DC6C79EE543C7D /* SimmerSmithTests */ = {
			isa = PBXGroup;
			children = (
				8E9FBFCFE9C5299D36712B26 /* SimmerSmithTests.swift */,
			);
			path = SimmerSmithTests;
			sourceTree = "<group>";
		};
		EE923BEF33AA4479174A71DE /* Shared */ = {
			isa = PBXGroup;
			children = (
				110AEC64598ED262B55BD768 /* BrandToolbarBadge.swift */,
				F0B28F292F8748D3882C5639 /* FeedbackComposerView.swift */,
			);
			path = Shared;
			sourceTree = "<group>";
		};
		EF70B408F3FB8C89C77B6CEA /* Activity */ = {
			isa = PBXGroup;
			children = (
				27B617C15FBB7189BE5086D0 /* ActivityView.swift */,
			);
			path = Activity;
			sourceTree = "<group>";
		};
		F1CCFAEFFA22DA98E78462EB /* AIAssistant */ = {
			isa = PBXGroup;
			children = (
				D518A1171D63ABFD56E8F391 /* AIAssistantCoordinator.swift */,
				2C1D5C19615FDB1970BD83E5 /* AIAssistantOverlay.swift */,
				66465170F1619913CD28CBBB /* AIAssistantSheetView.swift */,
				A4BAF92537028E47DF2B80C2 /* AIPageContext.swift */,
			);
			path = AIAssistant;
			sourceTree = "<group>";
		};
		F536E0720AD8F4BF491250B2 /* SimmerSmith */ = {
			isa = PBXGroup;
			children = (
				7A6B7D9F0DD74127F7C5B35F /* Assets.xcassets */,
				E8ED641FC0046AD669A36898 /* Info.plist */,
				577414F6ADB8299D9172472F /* SimmerSmith.entitlements */,
				4B4A178409352DE229F50741 /* App */,
				85E10677AB3A0D9FDCF6A879 /* DesignSystem */,
				1E42F42156053EDC2BBB13EB /* Features */,
				7587D8E0C14BF50249544874 /* Services */,
				403FBEEB17B79565CF26E476 /* Utilities */,
			);
			path = SimmerSmith;
			sourceTree = "<group>";
		};
		FFB064ECC23DC1A68E312C08 = {
			isa = PBXGroup;
			children = (
				6AE9197ED55EA06FB91EA461 /* Packages */,
				F536E0720AD8F4BF491250B2 /* SimmerSmith */,
				E6E4414FC4DC6C79EE543C7D /* SimmerSmithTests */,
				9F4791B04160E7A644CBCF9D /* SimmerSmithUITests */,
				320E6BCA147057AF62AFE986 /* Products */,
			);
			sourceTree = "<group>";
		};
/* End PBXGroup section */

/* Begin PBXNativeTarget section */
		6849CFC0AE80F2F68C305449 /* SimmerSmithTests */ = {
			isa = PBXNativeTarget;
			buildConfigurationList = A286B6BE274BA4097D8D51E8 /* Build configuration list for PBXNativeTarget "SimmerSmithTests" */;
			buildPhases = (
				72B1D42458097B2AEE13328E /* Sources */,
				E27D07E412EC1D8FFD34C794 /* Frameworks */,
			);
			buildRules = (
			);
			dependencies = (
				0D4BD128505AED0E0A402A32 /* PBXTargetDependency */,
			);
			name = SimmerSmithTests;
			packageProductDependencies = (
				7779C3AC094B731B66C8E38B /* SimmerSmithKit */,
			);
			productName = SimmerSmithTests;
			productReference = F4DA130CC3CF01AC162AF455 /* SimmerSmithTests.xctest */;
			productType = "com.apple.product-type.bundle.unit-test";
		};
		85EBA5D7D0CB79A3A6E3649D /* SimmerSmithUITests */ = {
			isa = PBXNativeTarget;
			buildConfigurationList = 79176B46089230FF26D2E605 /* Build configuration list for PBXNativeTarget "SimmerSmithUITests" */;
			buildPhases = (
				96210B4BE3897D1CFD9A40CC /* Sources */,
			);
			buildRules = (
			);
			dependencies = (
				3DB713649C76FC838C67D7FB /* PBXTargetDependency */,
			);
			name = SimmerSmithUITests;
			packageProductDependencies = (
			);
			productName = SimmerSmithUITests;
			productReference = AA12D8F99F863C413A31A02F /* SimmerSmithUITests.xctest */;
			productType = "com.apple.product-type.bundle.ui-testing";
		};
		DA8FD0A67D8C362CBB8546BF /* SimmerSmith */ = {
			isa = PBXNativeTarget;
			buildConfigurationList = 2C66C528E05064D085B3AB46 /* Build configuration list for PBXNativeTarget "SimmerSmith" */;
			buildPhases = (
				DD5BC60DE0286BAF4BF7BFD9 /* Sources */,
				769881F3C1807D492EBF59BD /* Resources */,
				A8265FF393588270328AB50F /* Frameworks */,
			);
			buildRules = (
			);
			dependencies = (
			);
			name = SimmerSmith;
			packageProductDependencies = (
				5EA42101A03628D82ADE249C /* SimmerSmithKit */,
				28E9DCD23C40DC71DEC2C6B6 /* GoogleSignIn */,
				41A88D3F5C64A7005794412A /* GoogleSignInSwift */,
			);
			productName = SimmerSmith;
			productReference = 1972D947D654B2B38603C14E /* SimmerSmith.app */;
			productType = "com.apple.product-type.application";
		};
/* End PBXNativeTarget section */

/* Begin PBXProject section */
		203A8CDD4184DC90D85630F0 /* Project object */ = {
			isa = PBXProject;
			attributes = {
				BuildIndependentTargetsInParallel = YES;
				LastUpgradeCheck = 1430;
				TargetAttributes = {
					85EBA5D7D0CB79A3A6E3649D = {
						TestTargetID = DA8FD0A67D8C362CBB8546BF;
					};
					DA8FD0A67D8C362CBB8546BF = {
						DevelopmentTeam = K7CBQW6MPG;
					};
				};
			};
			buildConfigurationList = C5FCB9C95DE3B5A69C468465 /* Build configuration list for PBXProject "SimmerSmith" */;
			developmentRegion = en;
			hasScannedForEncodings = 0;
			knownRegions = (
				Base,
				en,
			);
			mainGroup = FFB064ECC23DC1A68E312C08;
			minimizedProjectReferenceProxies = 1;
			packageReferences = (
				BB013A61145DAB13DA0EB7FB /* XCRemoteSwiftPackageReference "GoogleSignIn-iOS" */,
				AB12ABCE4B5D0BA22F683814 /* XCLocalSwiftPackageReference "../SimmerSmithKit" */,
			);
			preferredProjectObjectVersion = 77;
			productRefGroup = 320E6BCA147057AF62AFE986 /* Products */;
			projectDirPath = "";
			projectRoot = "";
			targets = (
				DA8FD0A67D8C362CBB8546BF /* SimmerSmith */,
				6849CFC0AE80F2F68C305449 /* SimmerSmithTests */,
				85EBA5D7D0CB79A3A6E3649D /* SimmerSmithUITests */,
			);
		};
/* End PBXProject section */

/* Begin PBXResourcesBuildPhase section */
		769881F3C1807D492EBF59BD /* Resources */ = {
			isa = PBXResourcesBuildPhase;
			buildActionMask = 2147483647;
			files = (
				FE0A34FE230DCE76754A0725 /* Assets.xcassets in Resources */,
			);
			runOnlyForDeploymentPostprocessing = 0;
		};
/* End PBXResourcesBuildPhase section */

/* Begin PBXSourcesBuildPhase section */
		72B1D42458097B2AEE13328E /* Sources */ = {
			isa = PBXSourcesBuildPhase;
			buildActionMask = 2147483647;
			files = (
				27EBF0EFE7D5CD79CA9B557D /* SimmerSmithTests.swift in Sources */,
			);
			runOnlyForDeploymentPostprocessing = 0;
		};
		96210B4BE3897D1CFD9A40CC /* Sources */ = {
			isa = PBXSourcesBuildPhase;
			buildActionMask = 2147483647;
			files = (
				3B27C1AB3BF4F270416007B8 /* SimmerSmithUITests.swift in Sources */,
			);
			runOnlyForDeploymentPostprocessing = 0;
		};
		DD5BC60DE0286BAF4BF7BFD9 /* Sources */ = {
			isa = PBXSourcesBuildPhase;
			buildActionMask = 2147483647;
			files = (
				7A8F5CACE073BD9FBB58D8E8 /* AIAssistantCoordinator.swift in Sources */,
				29A9AC1DE5234183061C4F90 /* AIAssistantOverlay.swift in Sources */,
				2DA9EBFE63A7FC470500DAE7 /* AIAssistantSheetView.swift in Sources */,
				097FB013DA02BB597480D9C3 /* AIFloatingButton.swift in Sources */,
				E395F9237FD8F1D10B4A2113 /* AIPageContext.swift in Sources */,
				9A7934F2F992CC2878F8B317 /* AIRecipeCreateSheet.swift in Sources */,
				7B103ED88BA0EDC2355992EF /* ActivityView.swift in Sources */,
				DDB8C4DD897500DB62356859 /* AddGroceryItemSheet.swift in Sources */,
				44A436E4F3FBF7F5C991C4BA /* AppState+AI.swift in Sources */,
				CE023FB5F5FA60C88D456E04 /* AppState+Aliases.swift in Sources */,
				84CB1823F45C639649342CEA /* AppState+Assistant.swift in Sources */,
				7807AC58D4B8D2C227EACAB3 /* AppState+Events.swift in Sources */,
				6EDBEB2CECDA59F00D71E08F /* AppState+Grocery.swift in Sources */,
				85083B241385537E729DD20E /* AppState+Household.swift in Sources */,
				44BF20D40E9FB64EDCB02E35 /* AppState+Ingredients.swift in Sources */,
				53333C9542C3853B332E9F9F /* AppState+Profile.swift in Sources */,
				E531A283EE00068A16D1F097 /* AppState+Push.swift in Sources */,
				60D02B3960EE9488001F3238 /* AppState+Recipes.swift in Sources */,
				87050B2E557B6BE57C6F599B /* AppState+Reminders.swift in Sources */,
				D12795B0EA94A8B2B7D60BC5 /* AppState+Seasonal.swift in Sources */,
				8DA0108F72F095B5F1DEE379 /* AppState+Subscription.swift in Sources */,
				DF7731457AC9E508DD586A96 /* AppState+Vision.swift in Sources */,
				6A33B301E1727D4D46AB6A25 /* AppState+Weeks.swift in Sources */,
				C68EBAAC1A18E1E274BD09B3 /* AppState.swift in Sources */,
				5C9D8DBC955EE65549249FC8 /* AssistantToolCallCard.swift in Sources */,
				923DCC4EB280B0A742A67720 /* AssistantView.swift in Sources */,
				7A1708334327AE594FDE7313 /* BackgroundSyncService.swift in Sources */,
				D5F78BDD8F28302565886C23 /* BarcodeScannerView.swift in Sources */,
				27B4ED92E78187ECF71E4FBA /* BaseIngredientMergeSheet.swift in Sources */,
				7E7C680A29F9FC54582B22D7 /* BrandToolbarBadge.swift in Sources */,
				4E6272EB11A80426C6884DCB /* CompactMealCard.swift in Sources */,
				B8EB31CE2056E70EA6A9EAF3 /* CompactRecipeCard.swift in Sources */,
				40CE736BBE79D9B2FE247E8D /* ConnectionSetupView.swift in Sources */,
				522B9BEAE951752A879A8851 /* CookCheckView.swift in Sources */,
				8C5A3E64B3886FD23E783B87 /* CookingModeView.swift in Sources */,
				D16E49B2302C027341160A24 /* CookingTimerChip.swift in Sources */,
				43A86380F4CD1FFCA5859FFD /* CuisinePill.swift in Sources */,
				2CCF1384167B1CB2D5AF3A82 /* DayCard.swift in Sources */,
				0DA9EFF5EBDAE3B665FB010B /* DayKey.swift in Sources */,
				101DDAF6BD607A2286C9E460 /* DayNutritionSheet.swift in Sources */,
				9E3665F6FC31C34056805154 /* DietaryGoalView.swift in Sources */,
				4E9D70ECD621F2F9FA5CDC5D /* EventCreateSheet.swift in Sources */,
				ACB12AD6000C6CDA19B0A15F /* EventDetailView.swift in Sources */,
				5AB4A57D6DB7855A8D017676 /* EventEditSheet.swift in Sources */,
				7DF18617E71614C94B47D16F /* EventMealEditorSheet.swift in Sources */,
				B04E2D4442A2F39C64D588A8 /* EventsView.swift in Sources */,
				7052A86ABF59B0DB2864DA42 /* FeedbackComposerView.swift in Sources */,
				60A7F273AE95AA7B028D49FF /* GroceryArchiveSheet.swift in Sources */,
				F2F273BE7962431455CF0E2B /* GroceryFeedbackSheet.swift in Sources */,
				A974A080D61B943871407169 /* GroceryItemEditSheet.swift in Sources */,
				C9EA34D9C2ECB8D439EE011C /* GroceryReminderMapping.swift in Sources */,
				33B2B158AE35CE5A95414D5D /* GroceryTabView.swift in Sources */,
				B71E3F8955708627C3102E72 /* GroceryView.swift in Sources */,
				8EEF1CCB637311D888CF62B3 /* GuestEditorSheet.swift in Sources */,
				7869D10313DF18368775A1E6 /* HeroRecipeCard.swift in Sources */,
				D55FE20E6A5756B8301F2270 /* HouseholdAliasesView.swift in Sources */,
				0AE26B4ED00BCB6B935E0161 /* InSeasonStrip.swift in Sources */,
				6DB2E8D0092EBB3D823FE5CE /* IngredientCatalogList.swift in Sources */,
				AE5B74BC31A774D6CA6D6658 /* IngredientLinkPickerSheet.swift in Sources */,
				692CAF7C13BE715CECD643FA /* IngredientScannerView.swift in Sources */,
				3098BEF548FEFA2F08C93899 /* IngredientVariationManagementSection.swift in Sources */,
				BAE7EEBED1663B060E79F9AF /* IngredientsView.swift in Sources */,
				053F4E60D3120A763E341304 /* InvitationSheet.swift in Sources */,
				0E81A9AC529997B1C13A07D9 /* LocalNotificationService.swift in Sources */,
				B11F36C1CC7CE592858BA603 /* MacroRing.swift in Sources */,
				5B13B381E58F7AD741501E5E /* MainTabView.swift in Sources */,
				9726A5E160270D61C79C1AFF /* MealMoveSheet.swift in Sources */,
				EF518E6D2331C066714501DA /* MealNoteEditor.swift in Sources */,
				FD12F142E93F6C92BA962DA4 /* MealQuickAddSheet.swift in Sources */,
				4A8C79F7471AAC3982276DF8 /* MealSidesSheet.swift in Sources */,
				A50492A8C75536C4828C7951 /* MealSlotRow.swift in Sources */,
				F5FF1BF67031E17F18887227 /* MemoryComposeSheet.swift in Sources */,
				BC9D16F26416CFC6C3192713 /* MemoryPhotoView.swift in Sources */,
				F703FF423BA58AFF2881D9C4 /* NotificationManager.swift in Sources */,
				3721F18796F64DD08B559E6C /* OnboardingInterviewView.swift in Sources */,
				FA321C275C0768C9A67973A9 /* PaywallSheet.swift in Sources */,
				CFE7B0CFDDC854D99448FF99 /* PhotoCompression.swift in Sources */,
				53D3903682897BECC71E2611 /* PushService.swift in Sources */,
				72BD0CBA5C14220174E5ECA2 /* RecipeCard.swift in Sources */,
				2E6732493EA6B5FC41E47431 /* RecipeDetailView.swift in Sources */,
				925114D0E678B77DE951E987 /* RecipeEditorIngredientResolution.swift in Sources */,
				1828EE7FD2AF2C30CA2F54AF /* RecipeEditorNutritionEditor.swift in Sources */,
				00F86A1EDF7BE61EDC279626 /* RecipeEditorStepsEditor.swift in Sources */,
				0FF942A918598DDFAE82210E /* RecipeEditorView.swift in Sources */,
				3493179252A664BAA6BB3704 /* RecipeHeaderImage.swift in Sources */,
				7F423A7D909E7340DE19C42C /* RecipeImageOverrideSheet.swift in Sources */,
				9FEF5423BB6FCDEEAA8574C2 /* RecipeImportView.swift in Sources */,
				822CEF7F346BD614AEB07A6F /* RecipeListRow.swift in Sources */,
				9029A70CD594DE5D545A3537 /* RecipeMemoriesSection.swift in Sources */,
				E552B11304864EDBA77BD097 /* RecipeNutritionMatchView.swift in Sources */,
				6DEB6FB3394993D202D2A101 /* RecipePairingsCard.swift in Sources */,
				F1C771270E796573C34523A4 /* RecipePickerSheet.swift in Sources */,
				446A8B1231ACE6510EE1259D /* RecipeSupport.swift in Sources */,
				A4CE9152718188482D546934 /* RecipeWebImportView.swift in Sources */,
				88F239CDAD71F97C9D630E3D /* RecipeWebSearchSheet.swift in Sources */,
				5512B55E7B397524A4CE180D /* RecipeWeekAssignmentView.swift in Sources */,
				53F641933C8BF1D51A467113 /* RecipesView.swift in Sources */,
				E6A4D9382733DDEAB5632CA6 /* ReminderListPickerSheet.swift in Sources */,
				D6F565FBCB27395CEBE63D72 /* RemindersService.swift in Sources */,
				364F923A2908430AB4FB39D5 /* RootView.swift in Sources */,
				0CB8866878DFDABDE9F4846F /* SMCard.swift in Sources */,
				6AEB5EF39BEA651E4F33E98B /* SettingsView.swift in Sources */,
				D6D665599BB2121248AC3271 /* SignInView.swift in Sources */,
				B5B6BEA61114BB6ADD99905E /* SimmerSmithApp.swift in Sources */,
				CB15A6E13F707BD7201DB2B5 /* SimmerSmithAppDelegate.swift in Sources */,
				FA5590E68EF07E869752CB73 /* SpokenStepService.swift in Sources */,
				43FBCCC67631F279A80CD663 /* StoreSelectionView.swift in Sources */,
				F5960E1BF51ECBF2D1356835 /* SubscriptionStore.swift in Sources */,
				FDDAAE3A509E385CD5A86B27 /* SubstitutionSheetView.swift in Sources */,
				F5F7F80B40D0162C32C8081E /* Theme.swift in Sources */,
				BCD74EBF2BA0316C5394D03D /* TimeBadge.swift in Sources */,
				0D17009AD5B6DBF392246D57 /* TodayMealCard.swift in Sources */,
				30DBAAAB74B4D75C4D147B1E /* VoiceCommandService.swift in Sources */,
				0C0DEE9132C86897847F7FFE /* WeekView.swift in Sources */,
				C7B1ED4CA5FD1D8EE5EC238F /* WrappingHStack.swift in Sources */,
			);
			runOnlyForDeploymentPostprocessing = 0;
		};
/* End PBXSourcesBuildPhase section */

/* Begin PBXTargetDependency section */
		0D4BD128505AED0E0A402A32 /* PBXTargetDependency */ = {
			isa = PBXTargetDependency;
			target = DA8FD0A67D8C362CBB8546BF /* SimmerSmith */;
			targetProxy = 1B1D81BFCFC12A4CE565519C /* PBXContainerItemProxy */;
		};
		3DB713649C76FC838C67D7FB /* PBXTargetDependency */ = {
			isa = PBXTargetDependency;
			target = DA8FD0A67D8C362CBB8546BF /* SimmerSmith */;
			targetProxy = 87D7E1F790CA9B72E603E8C3 /* PBXContainerItemProxy */;
		};
/* End PBXTargetDependency section */

/* Begin XCBuildConfiguration section */
		1C7C0647E91A0F2FA50FEE0C /* Release */ = {
			isa = XCBuildConfiguration;
			buildSettings = {
				BUNDLE_LOADER = "$(TEST_HOST)";
				GENERATE_INFOPLIST_FILE = YES;
				IPHONEOS_DEPLOYMENT_TARGET = 26.0;
				LD_RUNPATH_SEARCH_PATHS = (
					"$(inherited)",
					"@executable_path/Frameworks",
					"@loader_path/Frameworks",
				);
				PRODUCT_BUNDLE_IDENTIFIER = app.simmersmith.ios.uitests;
				SDKROOT = iphoneos;
				TARGETED_DEVICE_FAMILY = "1,2";
				TEST_TARGET_NAME = SimmerSmith;
			};
			name = Release;
		};
		21E0936AA615C2B938C5D6BE /* Debug */ = {
			isa = XCBuildConfiguration;
			buildSettings = {
				ASSETCATALOG_COMPILER_APPICON_NAME = AppIcon;
				CODE_SIGN_ENTITLEMENTS = SimmerSmith/SimmerSmith.entitlements;
				CODE_SIGN_IDENTITY = "iPhone Developer";
				CURRENT_PROJECT_VERSION = 50;
				DEVELOPMENT_TEAM = K7CBQW6MPG;
				GENERATE_INFOPLIST_FILE = NO;
				INFOPLIST_FILE = SimmerSmith/Info.plist;
				IPHONEOS_DEPLOYMENT_TARGET = 26.0;
				LD_RUNPATH_SEARCH_PATHS = (
					"$(inherited)",
					"@executable_path/Frameworks",
				);
				MARKETING_VERSION = 1.0.0;
				PRODUCT_BUNDLE_IDENTIFIER = app.simmersmith.ios;
				PRODUCT_NAME = SimmerSmith;
				SDKROOT = iphoneos;
				SUPPORTS_MACCATALYST = NO;
				TARGETED_DEVICE_FAMILY = "1,2";
			};
			name = Debug;
		};
		2A0B665CD40DE18EADA18368 /* Release */ = {
			isa = XCBuildConfiguration;
			buildSettings = {
				ALWAYS_SEARCH_USER_PATHS = NO;
				CLANG_ANALYZER_NONNULL = YES;
				CLANG_ANALYZER_NUMBER_OBJECT_CONVERSION = YES_AGGRESSIVE;
				CLANG_CXX_LANGUAGE_STANDARD = "gnu++14";
				CLANG_CXX_LIBRARY = "libc++";
				CLANG_ENABLE_MODULES = YES;
				CLANG_ENABLE_OBJC_ARC = YES;
				CLANG_ENABLE_OBJC_WEAK = YES;
				CLANG_WARN_BLOCK_CAPTURE_AUTORELEASING = YES;
				CLANG_WARN_BOOL_CONVERSION = YES;
				CLANG_WARN_COMMA = YES;
				CLANG_WARN_CONSTANT_CONVERSION = YES;
				CLANG_WARN_DEPRECATED_OBJC_IMPLEMENTATIONS = YES;
				CLANG_WARN_DIRECT_OBJC_ISA_USAGE = YES_ERROR;
				CLANG_WARN_DOCUMENTATION_COMMENTS = YES;
				CLANG_WARN_EMPTY_BODY = YES;
				CLANG_WARN_ENUM_CONVERSION = YES;
				CLANG_WARN_INFINITE_RECURSION = YES;
				CLANG_WARN_INT_CONVERSION = YES;
				CLANG_WARN_NON_LITERAL_NULL_CONVERSION = YES;
				CLANG_WARN_OBJC_IMPLICIT_RETAIN_SELF = YES;
				CLANG_WARN_OBJC_LITERAL_CONVERSION = YES;
				CLANG_WARN_OBJC_ROOT_CLASS = YES_ERROR;
				CLANG_WARN_QUOTED_INCLUDE_IN_FRAMEWORK_HEADER = YES;
				CLANG_WARN_RANGE_LOOP_ANALYSIS = YES;
				CLANG_WARN_STRICT_PROTOTYPES = YES;
				CLANG_WARN_SUSPICIOUS_MOVE = YES;
				CLANG_WARN_UNGUARDED_AVAILABILITY = YES_AGGRESSIVE;
				CLANG_WARN_UNREACHABLE_CODE = YES;
				CLANG_WARN__DUPLICATE_METHOD_MATCH = YES;
				COPY_PHASE_STRIP = NO;
				DEBUG_INFORMATION_FORMAT = "dwarf-with-dsym";
				ENABLE_NS_ASSERTIONS = NO;
				ENABLE_STRICT_OBJC_MSGSEND = YES;
				GCC_C_LANGUAGE_STANDARD = gnu11;
				GCC_NO_COMMON_BLOCKS = YES;
				GCC_WARN_64_TO_32_BIT_CONVERSION = YES;
				GCC_WARN_ABOUT_RETURN_TYPE = YES_ERROR;
				GCC_WARN_UNDECLARED_SELECTOR = YES;
				GCC_WARN_UNINITIALIZED_AUTOS = YES_AGGRESSIVE;
				GCC_WARN_UNUSED_FUNCTION = YES;
				GCC_WARN_UNUSED_VARIABLE = YES;
				IPHONEOS_DEPLOYMENT_TARGET = 26.0;
				MTL_ENABLE_DEBUG_INFO = NO;
				MTL_FAST_MATH = YES;
				PRODUCT_NAME = "$(TARGET_NAME)";
				SDKROOT = iphoneos;
				SWIFT_COMPILATION_MODE = wholemodule;
				SWIFT_OPTIMIZATION_LEVEL = "-O";
				SWIFT_VERSION = 6.0;
			};
			name = Release;
		};
		84DC9F5C5738491499C43C80 /* Debug */ = {
			isa = XCBuildConfiguration;
			buildSettings = {
				BUNDLE_LOADER = "$(TEST_HOST)";
				GENERATE_INFOPLIST_FILE = YES;
				IPHONEOS_DEPLOYMENT_TARGET = 26.0;
				LD_RUNPATH_SEARCH_PATHS = (
					"$(inherited)",
					"@executable_path/Frameworks",
					"@loader_path/Frameworks",
				);
				PRODUCT_BUNDLE_IDENTIFIER = app.simmersmith.ios.uitests;
				SDKROOT = iphoneos;
				TARGETED_DEVICE_FAMILY = "1,2";
				TEST_TARGET_NAME = SimmerSmith;
			};
			name = Debug;
		};
		90FE3FDB7422619C213854F0 /* Debug */ = {
			isa = XCBuildConfiguration;
			buildSettings = {
				BUNDLE_LOADER = "$(TEST_HOST)";
				GENERATE_INFOPLIST_FILE = YES;
				IPHONEOS_DEPLOYMENT_TARGET = 26.0;
				LD_RUNPATH_SEARCH_PATHS = (
					"$(inherited)",
					"@executable_path/Frameworks",
					"@loader_path/Frameworks",
				);
				PRODUCT_BUNDLE_IDENTIFIER = app.simmersmith.ios.tests;
				SDKROOT = iphoneos;
				TARGETED_DEVICE_FAMILY = "1,2";
				TEST_HOST = "$(BUILT_PRODUCTS_DIR)/SimmerSmith.app/SimmerSmith";
			};
			name = Debug;
		};
		B42A864203AF0AAC37C93EE4 /* Release */ = {
			isa = XCBuildConfiguration;
			buildSettings = {
				ASSETCATALOG_COMPILER_APPICON_NAME = AppIcon;
				CODE_SIGN_ENTITLEMENTS = SimmerSmith/SimmerSmith.entitlements;
				CODE_SIGN_IDENTITY = "iPhone Developer";
				CURRENT_PROJECT_VERSION = 50;
				DEVELOPMENT_TEAM = K7CBQW6MPG;
				GENERATE_INFOPLIST_FILE = NO;
				INFOPLIST_FILE = SimmerSmith/Info.plist;
				IPHONEOS_DEPLOYMENT_TARGET = 26.0;
				LD_RUNPATH_SEARCH_PATHS = (
					"$(inherited)",
					"@executable_path/Frameworks",
				);
				MARKETING_VERSION = 1.0.0;
				PRODUCT_BUNDLE_IDENTIFIER = app.simmersmith.ios;
				PRODUCT_NAME = SimmerSmith;
				SDKROOT = iphoneos;
				SUPPORTS_MACCATALYST = NO;
				TARGETED_DEVICE_FAMILY = "1,2";
			};
			name = Release;
		};
		D0A08E573E84D2E57BBF9354 /* Release */ = {
			isa = XCBuildConfiguration;
			buildSettings = {
				BUNDLE_LOADER = "$(TEST_HOST)";
				GENERATE_INFOPLIST_FILE = YES;
				IPHONEOS_DEPLOYMENT_TARGET = 26.0;
				LD_RUNPATH_SEARCH_PATHS = (
					"$(inherited)",
					"@executable_path/Frameworks",
					"@loader_path/Frameworks",
				);
				PRODUCT_BUNDLE_IDENTIFIER = app.simmersmith.ios.tests;
				SDKROOT = iphoneos;
				TARGETED_DEVICE_FAMILY = "1,2";
				TEST_HOST = "$(BUILT_PRODUCTS_DIR)/SimmerSmith.app/SimmerSmith";
			};
			name = Release;
		};
		DC880DD5A30CD7F8A014EA67 /* Debug */ = {
			isa = XCBuildConfiguration;
			buildSettings = {
				ALWAYS_SEARCH_USER_PATHS = NO;
				CLANG_ANALYZER_NONNULL = YES;
				CLANG_ANALYZER_NUMBER_OBJECT_CONVERSION = YES_AGGRESSIVE;
				CLANG_CXX_LANGUAGE_STANDARD = "gnu++14";
				CLANG_CXX_LIBRARY = "libc++";
				CLANG_ENABLE_MODULES = YES;
				CLANG_ENABLE_OBJC_ARC = YES;
				CLANG_ENABLE_OBJC_WEAK = YES;
				CLANG_WARN_BLOCK_CAPTURE_AUTORELEASING = YES;
				CLANG_WARN_BOOL_CONVERSION = YES;
				CLANG_WARN_COMMA = YES;
				CLANG_WARN_CONSTANT_CONVERSION = YES;
				CLANG_WARN_DEPRECATED_OBJC_IMPLEMENTATIONS = YES;
				CLANG_WARN_DIRECT_OBJC_ISA_USAGE = YES_ERROR;
				CLANG_WARN_DOCUMENTATION_COMMENTS = YES;
				CLANG_WARN_EMPTY_BODY = YES;
				CLANG_WARN_ENUM_CONVERSION = YES;
				CLANG_WARN_INFINITE_RECURSION = YES;
				CLANG_WARN_INT_CONVERSION = YES;
				CLANG_WARN_NON_LITERAL_NULL_CONVERSION = YES;
				CLANG_WARN_OBJC_IMPLICIT_RETAIN_SELF = YES;
				CLANG_WARN_OBJC_LITERAL_CONVERSION = YES;
				CLANG_WARN_OBJC_ROOT_CLASS = YES_ERROR;
				CLANG_WARN_QUOTED_INCLUDE_IN_FRAMEWORK_HEADER = YES;
				CLANG_WARN_RANGE_LOOP_ANALYSIS = YES;
				CLANG_WARN_STRICT_PROTOTYPES = YES;
				CLANG_WARN_SUSPICIOUS_MOVE = YES;
				CLANG_WARN_UNGUARDED_AVAILABILITY = YES_AGGRESSIVE;
				CLANG_WARN_UNREACHABLE_CODE = YES;
				CLANG_WARN__DUPLICATE_METHOD_MATCH = YES;
				COPY_PHASE_STRIP = NO;
				DEBUG_INFORMATION_FORMAT = dwarf;
				ENABLE_STRICT_OBJC_MSGSEND = YES;
				ENABLE_TESTABILITY = YES;
				GCC_C_LANGUAGE_STANDARD = gnu11;
				GCC_DYNAMIC_NO_PIC = NO;
				GCC_NO_COMMON_BLOCKS = YES;
				GCC_OPTIMIZATION_LEVEL = 0;
				GCC_PREPROCESSOR_DEFINITIONS = (
					"$(inherited)",
					"DEBUG=1",
				);
				GCC_WARN_64_TO_32_BIT_CONVERSION = YES;
				GCC_WARN_ABOUT_RETURN_TYPE = YES_ERROR;
				GCC_WARN_UNDECLARED_SELECTOR = YES;
				GCC_WARN_UNINITIALIZED_AUTOS = YES_AGGRESSIVE;
				GCC_WARN_UNUSED_FUNCTION = YES;
				GCC_WARN_UNUSED_VARIABLE = YES;
				IPHONEOS_DEPLOYMENT_TARGET = 26.0;
				MTL_ENABLE_DEBUG_INFO = INCLUDE_SOURCE;
				MTL_FAST_MATH = YES;
				ONLY_ACTIVE_ARCH = YES;
				PRODUCT_NAME = "$(TARGET_NAME)";
				SDKROOT = iphoneos;
				SWIFT_ACTIVE_COMPILATION_CONDITIONS = DEBUG;
				SWIFT_OPTIMIZATION_LEVEL = "-Onone";
				SWIFT_VERSION = 6.0;
			};
			name = Debug;
		};
/* End XCBuildConfiguration section */

/* Begin XCConfigurationList section */
		2C66C528E05064D085B3AB46 /* Build configuration list for PBXNativeTarget "SimmerSmith" */ = {
			isa = XCConfigurationList;
			buildConfigurations = (
				21E0936AA615C2B938C5D6BE /* Debug */,
				B42A864203AF0AAC37C93EE4 /* Release */,
			);
			defaultConfigurationIsVisible = 0;
			defaultConfigurationName = Debug;
		};
		79176B46089230FF26D2E605 /* Build configuration list for PBXNativeTarget "SimmerSmithUITests" */ = {
			isa = XCConfigurationList;
			buildConfigurations = (
				84DC9F5C5738491499C43C80 /* Debug */,
				1C7C0647E91A0F2FA50FEE0C /* Release */,
			);
			defaultConfigurationIsVisible = 0;
			defaultConfigurationName = Debug;
		};
		A286B6BE274BA4097D8D51E8 /* Build configuration list for PBXNativeTarget "SimmerSmithTests" */ = {
			isa = XCConfigurationList;
			buildConfigurations = (
				90FE3FDB7422619C213854F0 /* Debug */,
				D0A08E573E84D2E57BBF9354 /* Release */,
			);
			defaultConfigurationIsVisible = 0;
			defaultConfigurationName = Debug;
		};
		C5FCB9C95DE3B5A69C468465 /* Build configuration list for PBXProject "SimmerSmith" */ = {
			isa = XCConfigurationList;
			buildConfigurations = (
				DC880DD5A30CD7F8A014EA67 /* Debug */,
				2A0B665CD40DE18EADA18368 /* Release */,
			);
			defaultConfigurationIsVisible = 0;
			defaultConfigurationName = Debug;
		};
/* End XCConfigurationList section */

/* Begin XCLocalSwiftPackageReference section */
		AB12ABCE4B5D0BA22F683814 /* XCLocalSwiftPackageReference "../SimmerSmithKit" */ = {
			isa = XCLocalSwiftPackageReference;
			relativePath = ../SimmerSmithKit;
		};
/* End XCLocalSwiftPackageReference section */

/* Begin XCRemoteSwiftPackageReference section */
		BB013A61145DAB13DA0EB7FB /* XCRemoteSwiftPackageReference "GoogleSignIn-iOS" */ = {
			isa = XCRemoteSwiftPackageReference;
			repositoryURL = "https://github.com/google/GoogleSignIn-iOS";
			requirement = {
				kind = upToNextMajorVersion;
				minimumVersion = 8.0.0;
			};
		};
/* End XCRemoteSwiftPackageReference section */

/* Begin XCSwiftPackageProductDependency section */
		28E9DCD23C40DC71DEC2C6B6 /* GoogleSignIn */ = {
			isa = XCSwiftPackageProductDependency;
			package = BB013A61145DAB13DA0EB7FB /* XCRemoteSwiftPackageReference "GoogleSignIn-iOS" */;
			productName = GoogleSignIn;
		};
		41A88D3F5C64A7005794412A /* GoogleSignInSwift */ = {
			isa = XCSwiftPackageProductDependency;
			package = BB013A61145DAB13DA0EB7FB /* XCRemoteSwiftPackageReference "GoogleSignIn-iOS" */;
			productName = GoogleSignInSwift;
		};
		5EA42101A03628D82ADE249C /* SimmerSmithKit */ = {
			isa = XCSwiftPackageProductDependency;
			productName = SimmerSmithKit;
		};
		7779C3AC094B731B66C8E38B /* SimmerSmithKit */ = {
			isa = XCSwiftPackageProductDependency;
			productName = SimmerSmithKit;
		};
/* End XCSwiftPackageProductDependency section */
	};
	rootObject = 203A8CDD4184DC90D85630F0 /* Project object */;
}
